// !$*UTF8*$!
{
	archiveVersion = 1;
	classes = {
	};
	objectVersion = 52;
	objects = {

/* Begin PBXBuildFile section */
		7A134B3625FE6ED30099304F /* TabBarController.swift in Sources */ = {isa = PBXBuildFile; fileRef = 7A134B3525FE6ED20099304F /* TabBarController.swift */; };
		7A134B4F25FE80EB0099304F /* ChangeUserDataPresenter.swift in Sources */ = {isa = PBXBuildFile; fileRef = 7A134B4925FE80EB0099304F /* ChangeUserDataPresenter.swift */; };
		7A134B5025FE80EB0099304F /* ChangeUserDataWorker.swift in Sources */ = {isa = PBXBuildFile; fileRef = 7A134B4A25FE80EB0099304F /* ChangeUserDataWorker.swift */; };
		7A134B5125FE80EB0099304F /* ChangeUserDataRouter.swift in Sources */ = {isa = PBXBuildFile; fileRef = 7A134B4B25FE80EB0099304F /* ChangeUserDataRouter.swift */; };
		7A134B5225FE80EB0099304F /* ChangeUserDataModels.swift in Sources */ = {isa = PBXBuildFile; fileRef = 7A134B4C25FE80EB0099304F /* ChangeUserDataModels.swift */; };
		7A134B5325FE80EB0099304F /* ChangeUserDataViewController.swift in Sources */ = {isa = PBXBuildFile; fileRef = 7A134B4D25FE80EB0099304F /* ChangeUserDataViewController.swift */; };
		7A134B5425FE80EB0099304F /* ChangeUserDataInteractor.swift in Sources */ = {isa = PBXBuildFile; fileRef = 7A134B4E25FE80EB0099304F /* ChangeUserDataInteractor.swift */; };
		7A1C9DC625EBA703007A6358 /* ReviewsTests.swift in Sources */ = {isa = PBXBuildFile; fileRef = 7A1C9DC525EBA703007A6358 /* ReviewsTests.swift */; };
		7A1C9DCB25EBA8B2007A6358 /* ReviewManager.swift in Sources */ = {isa = PBXBuildFile; fileRef = 7A1C9DCA25EBA8B2007A6358 /* ReviewManager.swift */; };
		7A1C9DD325EBAB93007A6358 /* AddReviewRequestFactory.swift in Sources */ = {isa = PBXBuildFile; fileRef = 7A1C9DD225EBAB93007A6358 /* AddReviewRequestFactory.swift */; };
		7A1C9DD925EBAC5B007A6358 /* AddReviewResult.swift in Sources */ = {isa = PBXBuildFile; fileRef = 7A1C9DD825EBAC5B007A6358 /* AddReviewResult.swift */; };
		7A1C9DE425EBB14C007A6358 /* ApproveReviewRequestFactory.swift in Sources */ = {isa = PBXBuildFile; fileRef = 7A1C9DE325EBB14C007A6358 /* ApproveReviewRequestFactory.swift */; };
		7A1C9DEC25EBB2A7007A6358 /* ApproveReviewResult.swift in Sources */ = {isa = PBXBuildFile; fileRef = 7A1C9DEB25EBB2A7007A6358 /* ApproveReviewResult.swift */; };
		7A1C9DF125EBB790007A6358 /* RemoveReviewResult.swift in Sources */ = {isa = PBXBuildFile; fileRef = 7A1C9DF025EBB790007A6358 /* RemoveReviewResult.swift */; };
		7A1C9DF625EBB7C0007A6358 /* RemoveReviewRequestFactory.swift in Sources */ = {isa = PBXBuildFile; fileRef = 7A1C9DF525EBB7C0007A6358 /* RemoveReviewRequestFactory.swift */; };
		7A1C9DFB25EBC58F007A6358 /* GetReviewsResult.swift in Sources */ = {isa = PBXBuildFile; fileRef = 7A1C9DFA25EBC58F007A6358 /* GetReviewsResult.swift */; };
		7A1C9E0025EBC5B3007A6358 /* Review.swift in Sources */ = {isa = PBXBuildFile; fileRef = 7A1C9DFF25EBC5B3007A6358 /* Review.swift */; };
		7A1C9E0525EBC669007A6358 /* GetReviewRequestFactory.swift in Sources */ = {isa = PBXBuildFile; fileRef = 7A1C9E0425EBC669007A6358 /* GetReviewRequestFactory.swift */; };
		7A20E7B825FA03230031E850 /* HomePresenter.swift in Sources */ = {isa = PBXBuildFile; fileRef = 7A20E7B225FA03230031E850 /* HomePresenter.swift */; };
		7A20E7B925FA03230031E850 /* HomeWorker.swift in Sources */ = {isa = PBXBuildFile; fileRef = 7A20E7B325FA03230031E850 /* HomeWorker.swift */; };
		7A20E7BA25FA03230031E850 /* HomeRouter.swift in Sources */ = {isa = PBXBuildFile; fileRef = 7A20E7B425FA03230031E850 /* HomeRouter.swift */; };
		7A20E7BB25FA03230031E850 /* HomeModels.swift in Sources */ = {isa = PBXBuildFile; fileRef = 7A20E7B525FA03230031E850 /* HomeModels.swift */; };
		7A20E7BC25FA03230031E850 /* HomeViewController.swift in Sources */ = {isa = PBXBuildFile; fileRef = 7A20E7B625FA03230031E850 /* HomeViewController.swift */; };
		7A20E7BD25FA03230031E850 /* HomeInteractor.swift in Sources */ = {isa = PBXBuildFile; fileRef = 7A20E7B725FA03230031E850 /* HomeInteractor.swift */; };
		7A20E7CA25FA75B30031E850 /* HomeViewController.xib in Resources */ = {isa = PBXBuildFile; fileRef = 7A20E7C925FA75B30031E850 /* HomeViewController.xib */; };
		7A248ACD25F02F71008670B0 /* PayBasketRequestFactory.swift in Sources */ = {isa = PBXBuildFile; fileRef = 7A248ACC25F02F71008670B0 /* PayBasketRequestFactory.swift */; };
		7A248AD225F02FC0008670B0 /* PayBasketResult.swift in Sources */ = {isa = PBXBuildFile; fileRef = 7A248AD125F02FC0008670B0 /* PayBasketResult.swift */; };
		7A256F2C25DC6243009D5F01 /* SignUpRequestFactory.swift in Sources */ = {isa = PBXBuildFile; fileRef = 7A256F2B25DC6243009D5F01 /* SignUpRequestFactory.swift */; };
		7A256F3125DC626D009D5F01 /* SignUp.swift in Sources */ = {isa = PBXBuildFile; fileRef = 7A256F3025DC626D009D5F01 /* SignUp.swift */; };
		7A256F3625DC62B7009D5F01 /* SignUpResult.swift in Sources */ = {isa = PBXBuildFile; fileRef = 7A256F3525DC62B7009D5F01 /* SignUpResult.swift */; };
		7A2D669125DD4B1100AFD665 /* LogoutRequestFactory.swift in Sources */ = {isa = PBXBuildFile; fileRef = 7A2D669025DD4B1100AFD665 /* LogoutRequestFactory.swift */; };
		7A2D669625DD4B1900AFD665 /* Logout.swift in Sources */ = {isa = PBXBuildFile; fileRef = 7A2D669525DD4B1900AFD665 /* Logout.swift */; };
		7A2D669B25DD4E9E00AFD665 /* LogoutResult.swift in Sources */ = {isa = PBXBuildFile; fileRef = 7A2D669A25DD4E9E00AFD665 /* LogoutResult.swift */; };
		7A2D66A025DD535400AFD665 /* ChangeUserDataResult.swift in Sources */ = {isa = PBXBuildFile; fileRef = 7A2D669F25DD535400AFD665 /* ChangeUserDataResult.swift */; };
		7A2D66A825DD537D00AFD665 /* ChangeUserDataRequestFactory.swift in Sources */ = {isa = PBXBuildFile; fileRef = 7A2D66A725DD537D00AFD665 /* ChangeUserDataRequestFactory.swift */; };
		7A2D66AD25DD538E00AFD665 /* ChangeUserData.swift in Sources */ = {isa = PBXBuildFile; fileRef = 7A2D66AC25DD538E00AFD665 /* ChangeUserData.swift */; };
		7A35DADA25DA4F28005B4A1F /* RequestFactory.swift in Sources */ = {isa = PBXBuildFile; fileRef = 7A35DAD925DA4F28005B4A1F /* RequestFactory.swift */; };
		7A4F797925DDAD93000C562F /* RequestFactoryTests.swift in Sources */ = {isa = PBXBuildFile; fileRef = 7A4F797825DDAD93000C562F /* RequestFactoryTests.swift */; };
		7A4F797E25DDB733000C562F /* AuthTests.swift in Sources */ = {isa = PBXBuildFile; fileRef = 7A4F797D25DDB733000C562F /* AuthTests.swift */; };
		7A4F798625DDB755000C562F /* SignUpTests.swift in Sources */ = {isa = PBXBuildFile; fileRef = 7A4F798525DDB755000C562F /* SignUpTests.swift */; };
		7A4F798B25DDB75F000C562F /* LogoutTests.swift in Sources */ = {isa = PBXBuildFile; fileRef = 7A4F798A25DDB75F000C562F /* LogoutTests.swift */; };
		7A4F799025DDB771000C562F /* ChangeUserDataTests.swift in Sources */ = {isa = PBXBuildFile; fileRef = 7A4F798F25DDB771000C562F /* ChangeUserDataTests.swift */; };
		7A55D05226029F9F00A5E2AF /* ViewFactory.swift in Sources */ = {isa = PBXBuildFile; fileRef = 7A55D05126029F9F00A5E2AF /* ViewFactory.swift */; };
		7A70A43725E24F37003023DA /* CatalogDataTests.swift in Sources */ = {isa = PBXBuildFile; fileRef = 7A70A43625E24F37003023DA /* CatalogDataTests.swift */; };
		7A70A44025E2789F003023DA /* CatalogData.swift in Sources */ = {isa = PBXBuildFile; fileRef = 7A70A43F25E2789F003023DA /* CatalogData.swift */; };
		7A70A44525E27E0B003023DA /* CatalogDataRequestFactory.swift in Sources */ = {isa = PBXBuildFile; fileRef = 7A70A44425E27E0B003023DA /* CatalogDataRequestFactory.swift */; };
		7A70A45225E27F2D003023DA /* Product.swift in Sources */ = {isa = PBXBuildFile; fileRef = 7A70A45125E27F2D003023DA /* Product.swift */; };
		7A70CEB525E292FF00EE360D /* GetGoodsByIdTests.swift in Sources */ = {isa = PBXBuildFile; fileRef = 7A70CEB425E292FF00EE360D /* GetGoodsByIdTests.swift */; };
		7A70CEBE25E293B500EE360D /* GoodsById.swift in Sources */ = {isa = PBXBuildFile; fileRef = 7A70CEBD25E293B500EE360D /* GoodsById.swift */; };
		7A70CEC625E2952700EE360D /* GoodsByIdRequestFactory.swift in Sources */ = {isa = PBXBuildFile; fileRef = 7A70CEC525E2952700EE360D /* GoodsByIdRequestFactory.swift */; };
		7A70CECB25E2959000EE360D /* GoodsByIdResult.swift in Sources */ = {isa = PBXBuildFile; fileRef = 7A70CECA25E2959000EE360D /* GoodsByIdResult.swift */; };
		7A7AAC9A25F8196100296D5F /* AuthModels.swift in Sources */ = {isa = PBXBuildFile; fileRef = 7A7AAC9925F8196100296D5F /* AuthModels.swift */; };
		7A7AAC9F25F81A4100296D5F /* AuthViewController.swift in Sources */ = {isa = PBXBuildFile; fileRef = 7A7AAC9E25F81A4100296D5F /* AuthViewController.swift */; };
		7A7AACA425F81C8F00296D5F /* AuthInteractor.swift in Sources */ = {isa = PBXBuildFile; fileRef = 7A7AACA325F81C8F00296D5F /* AuthInteractor.swift */; };
		7A7AACA925F81CA200296D5F /* AuthPresenter.swift in Sources */ = {isa = PBXBuildFile; fileRef = 7A7AACA825F81CA200296D5F /* AuthPresenter.swift */; };
		7A7AACB125F9299C00296D5F /* AuthWorker.swift in Sources */ = {isa = PBXBuildFile; fileRef = 7A7AACB025F9299C00296D5F /* AuthWorker.swift */; };
		7A7AACB625F929CF00296D5F /* AuthRouter.swift in Sources */ = {isa = PBXBuildFile; fileRef = 7A7AACB525F929CF00296D5F /* AuthRouter.swift */; };
		7A9A4EBA2607DEAA002EB0E2 /* HomeTableViewCell.swift in Sources */ = {isa = PBXBuildFile; fileRef = 7A9A4EB82607DEAA002EB0E2 /* HomeTableViewCell.swift */; };
		7A9A4EBB2607DEAA002EB0E2 /* HomeTableViewCell.xib in Resources */ = {isa = PBXBuildFile; fileRef = 7A9A4EB92607DEAA002EB0E2 /* HomeTableViewCell.xib */; };
		7A9A4ECE2607F1CF002EB0E2 /* AuthConfigure.swift in Sources */ = {isa = PBXBuildFile; fileRef = 7A9A4ECD2607F1CF002EB0E2 /* AuthConfigure.swift */; };
		7A9A4ED62607F342002EB0E2 /* SignUpConfigure.swift in Sources */ = {isa = PBXBuildFile; fileRef = 7A9A4ED52607F342002EB0E2 /* SignUpConfigure.swift */; };
		7A9A4EDE2607F3F6002EB0E2 /* ChangeUserDataConfigure.swift in Sources */ = {isa = PBXBuildFile; fileRef = 7A9A4EDD2607F3F5002EB0E2 /* ChangeUserDataConfigure.swift */; };
		7A9A4EE62607F5F8002EB0E2 /* HomeConfigure.swift in Sources */ = {isa = PBXBuildFile; fileRef = 7A9A4EE52607F5F8002EB0E2 /* HomeConfigure.swift */; };
		7A9C061625F959990087B533 /* SignUpPresenter.swift in Sources */ = {isa = PBXBuildFile; fileRef = 7A9C060F25F959990087B533 /* SignUpPresenter.swift */; };
		7A9C061725F959990087B533 /* SignUpWorker.swift in Sources */ = {isa = PBXBuildFile; fileRef = 7A9C061025F959990087B533 /* SignUpWorker.swift */; };
		7A9C061825F959990087B533 /* SignUpRouter.swift in Sources */ = {isa = PBXBuildFile; fileRef = 7A9C061125F959990087B533 /* SignUpRouter.swift */; };
		7A9C061925F959990087B533 /* SignUpModels.swift in Sources */ = {isa = PBXBuildFile; fileRef = 7A9C061225F959990087B533 /* SignUpModels.swift */; };
		7A9C061A25F959990087B533 /* SignUpViewController.swift in Sources */ = {isa = PBXBuildFile; fileRef = 7A9C061325F959990087B533 /* SignUpViewController.swift */; };
		7A9C061B25F959990087B533 /* SignUpInteractor.swift in Sources */ = {isa = PBXBuildFile; fileRef = 7A9C061425F959990087B533 /* SignUpInteractor.swift */; };
		7A9C062C25F95F0F0087B533 /* AuthView.swift in Sources */ = {isa = PBXBuildFile; fileRef = 7A9C062B25F95F0F0087B533 /* AuthView.swift */; };
		7A9C063F25F96ACC0087B533 /* Localizable.strings in Resources */ = {isa = PBXBuildFile; fileRef = 7A9C064125F96ACC0087B533 /* Localizable.strings */; };
		7A9C064A25F96EF10087B533 /* SignUpView.swift in Sources */ = {isa = PBXBuildFile; fileRef = 7A9C064925F96EF10087B533 /* SignUpView.swift */; };
		7A9C064F25F96EFF0087B533 /* ChangeUserDataView.swift in Sources */ = {isa = PBXBuildFile; fileRef = 7A9C064E25F96EFF0087B533 /* ChangeUserDataView.swift */; };
		7AA5AD0E25D8027A00D9F949 /* AppDelegate.swift in Sources */ = {isa = PBXBuildFile; fileRef = 7AA5AD0D25D8027A00D9F949 /* AppDelegate.swift */; };
		7AA5AD1025D8027A00D9F949 /* SceneDelegate.swift in Sources */ = {isa = PBXBuildFile; fileRef = 7AA5AD0F25D8027A00D9F949 /* SceneDelegate.swift */; };
		7AA5AD1725D8027B00D9F949 /* Assets.xcassets in Resources */ = {isa = PBXBuildFile; fileRef = 7AA5AD1625D8027B00D9F949 /* Assets.xcassets */; };
		7AA5AD1A25D8027B00D9F949 /* LaunchScreen.storyboard in Resources */ = {isa = PBXBuildFile; fileRef = 7AA5AD1825D8027B00D9F949 /* LaunchScreen.storyboard */; };
		7AA5AD3025D8027B00D9F949 /* GBShopUITests.swift in Sources */ = {isa = PBXBuildFile; fileRef = 7AA5AD2F25D8027B00D9F949 /* GBShopUITests.swift */; };
		7AA5AD6025D9BC5600D9F949 /* AbstractErrorParser.swift in Sources */ = {isa = PBXBuildFile; fileRef = 7AA5AD5F25D9BC5600D9F949 /* AbstractErrorParser.swift */; };
		7AA5AD6525D9BD3200D9F949 /* ErrorParser.swift in Sources */ = {isa = PBXBuildFile; fileRef = 7AA5AD6425D9BD3200D9F949 /* ErrorParser.swift */; };
		7AA5AD6B25D9BE2100D9F949 /* Alamofire in Frameworks */ = {isa = PBXBuildFile; productRef = 7AA5AD6A25D9BE2100D9F949 /* Alamofire */; };
		7AA5AD7025D9BF2B00D9F949 /* ResponseCodable.swift in Sources */ = {isa = PBXBuildFile; fileRef = 7AA5AD6F25D9BF2B00D9F949 /* ResponseCodable.swift */; };
		7AA5AD7525D9C50300D9F949 /* AbstractRequestFactory.swift in Sources */ = {isa = PBXBuildFile; fileRef = 7AA5AD7425D9C50300D9F949 /* AbstractRequestFactory.swift */; };
		7AA5AD7A25D9C76200D9F949 /* RequestRouter.swift in Sources */ = {isa = PBXBuildFile; fileRef = 7AA5AD7925D9C76200D9F949 /* RequestRouter.swift */; };
		7AA5AD7F25D9CA4C00D9F949 /* LoginResult.swift in Sources */ = {isa = PBXBuildFile; fileRef = 7AA5AD7E25D9CA4C00D9F949 /* LoginResult.swift */; };
		7AA5AD8425D9CA8400D9F949 /* User.swift in Sources */ = {isa = PBXBuildFile; fileRef = 7AA5AD8325D9CA8400D9F949 /* User.swift */; };
		7AA5AD8B25D9CD8700D9F949 /* AuthRequestFactory.swift in Sources */ = {isa = PBXBuildFile; fileRef = 7AA5AD8A25D9CD8700D9F949 /* AuthRequestFactory.swift */; };
		7AA5AD9325D9CE1B00D9F949 /* Auth.swift in Sources */ = {isa = PBXBuildFile; fileRef = 7AA5AD9225D9CE1B00D9F949 /* Auth.swift */; };
		7ABD55EB2608F376006B5980 /* GetReviewsPresenter.swift in Sources */ = {isa = PBXBuildFile; fileRef = 7ABD55E52608F376006B5980 /* GetReviewsPresenter.swift */; };
		7ABD55EC2608F376006B5980 /* GetReviewsWorker.swift in Sources */ = {isa = PBXBuildFile; fileRef = 7ABD55E62608F376006B5980 /* GetReviewsWorker.swift */; };
		7ABD55ED2608F376006B5980 /* GetReviewsRouter.swift in Sources */ = {isa = PBXBuildFile; fileRef = 7ABD55E72608F376006B5980 /* GetReviewsRouter.swift */; };
		7ABD55EE2608F376006B5980 /* GetReviewsModels.swift in Sources */ = {isa = PBXBuildFile; fileRef = 7ABD55E82608F376006B5980 /* GetReviewsModels.swift */; };
		7ABD55EF2608F376006B5980 /* GetReviewsViewController.swift in Sources */ = {isa = PBXBuildFile; fileRef = 7ABD55E92608F376006B5980 /* GetReviewsViewController.swift */; };
		7ABD55F02608F376006B5980 /* GetReviewsInteractor.swift in Sources */ = {isa = PBXBuildFile; fileRef = 7ABD55EA2608F376006B5980 /* GetReviewsInteractor.swift */; };
		7ABD55F52608F39B006B5980 /* GetReviewsConfigurator.swift in Sources */ = {isa = PBXBuildFile; fileRef = 7ABD55F42608F39B006B5980 /* GetReviewsConfigurator.swift */; };
		7AC494F825EE82F2007199A2 /* BasketTests.swift in Sources */ = {isa = PBXBuildFile; fileRef = 7AC494F725EE82F2007199A2 /* BasketTests.swift */; };
		7AC4950025EE83A3007199A2 /* BasketManager.swift in Sources */ = {isa = PBXBuildFile; fileRef = 7AC494FF25EE83A3007199A2 /* BasketManager.swift */; };
		7AC4950525EE854B007199A2 /* AddToBasketResult.swift in Sources */ = {isa = PBXBuildFile; fileRef = 7AC4950425EE854B007199A2 /* AddToBasketResult.swift */; };
		7AC4950A25EE8566007199A2 /* DeleteFromBasketResult.swift in Sources */ = {isa = PBXBuildFile; fileRef = 7AC4950925EE8566007199A2 /* DeleteFromBasketResult.swift */; };
		7AC4950F25EE85B1007199A2 /* AddToBasketRequestFactory.swift in Sources */ = {isa = PBXBuildFile; fileRef = 7AC4950E25EE85B1007199A2 /* AddToBasketRequestFactory.swift */; };
		7AC4951425EECC62007199A2 /* DeleteFromBasketRequestFactory.swift in Sources */ = {isa = PBXBuildFile; fileRef = 7AC4951325EECC62007199A2 /* DeleteFromBasketRequestFactory.swift */; };
		7AC9581825E5C3B0001C24B1 /* CatalogDataResult.swift in Sources */ = {isa = PBXBuildFile; fileRef = 7AC9581725E5C3B0001C24B1 /* CatalogDataResult.swift */; };
		7AEDFEE7260A449B0001F8CD /* GetReviewsView.swift in Sources */ = {isa = PBXBuildFile; fileRef = 7AEDFEE6260A449B0001F8CD /* GetReviewsView.swift */; };
		7AEDFEF5260A8D370001F8CD /* GoodsByIdPresenter.swift in Sources */ = {isa = PBXBuildFile; fileRef = 7AEDFEEF260A8D370001F8CD /* GoodsByIdPresenter.swift */; };
		7AEDFEF6260A8D370001F8CD /* GoodsByIdWorker.swift in Sources */ = {isa = PBXBuildFile; fileRef = 7AEDFEF0260A8D370001F8CD /* GoodsByIdWorker.swift */; };
		7AEDFEF7260A8D370001F8CD /* GoodsByIdRouter.swift in Sources */ = {isa = PBXBuildFile; fileRef = 7AEDFEF1260A8D370001F8CD /* GoodsByIdRouter.swift */; };
		7AEDFEF8260A8D370001F8CD /* GoodsByIdModels.swift in Sources */ = {isa = PBXBuildFile; fileRef = 7AEDFEF2260A8D370001F8CD /* GoodsByIdModels.swift */; };
		7AEDFEF9260A8D370001F8CD /* GoodsByIdViewController.swift in Sources */ = {isa = PBXBuildFile; fileRef = 7AEDFEF3260A8D370001F8CD /* GoodsByIdViewController.swift */; };
		7AEDFEFA260A8D370001F8CD /* GoodsByIdInteractor.swift in Sources */ = {isa = PBXBuildFile; fileRef = 7AEDFEF4260A8D370001F8CD /* GoodsByIdInteractor.swift */; };
		7AEDFF02260A8E020001F8CD /* GoodsByIdConfigurator.swift in Sources */ = {isa = PBXBuildFile; fileRef = 7AEDFF01260A8E020001F8CD /* GoodsByIdConfigurator.swift */; };
		7AEDFF0A260A8F9D0001F8CD /* GoodsByIdViewController.xib in Resources */ = {isa = PBXBuildFile; fileRef = 7AEDFF09260A8F9D0001F8CD /* GoodsByIdViewController.xib */; };
/* End PBXBuildFile section */

/* Begin PBXContainerItemProxy section */
		7AA5AD2125D8027B00D9F949 /* PBXContainerItemProxy */ = {
			isa = PBXContainerItemProxy;
			containerPortal = 7AA5AD0225D8027A00D9F949 /* Project object */;
			proxyType = 1;
			remoteGlobalIDString = 7AA5AD0925D8027A00D9F949;
			remoteInfo = GBShop;
		};
		7AA5AD2C25D8027B00D9F949 /* PBXContainerItemProxy */ = {
			isa = PBXContainerItemProxy;
			containerPortal = 7AA5AD0225D8027A00D9F949 /* Project object */;
			proxyType = 1;
			remoteGlobalIDString = 7AA5AD0925D8027A00D9F949;
			remoteInfo = GBShop;
		};
/* End PBXContainerItemProxy section */

/* Begin PBXFileReference section */
		7A134B3525FE6ED20099304F /* TabBarController.swift */ = {isa = PBXFileReference; lastKnownFileType = sourcecode.swift; path = TabBarController.swift; sourceTree = "<group>"; };
		7A134B4925FE80EB0099304F /* ChangeUserDataPresenter.swift */ = {isa = PBXFileReference; lastKnownFileType = sourcecode.swift; path = ChangeUserDataPresenter.swift; sourceTree = "<group>"; };
		7A134B4A25FE80EB0099304F /* ChangeUserDataWorker.swift */ = {isa = PBXFileReference; lastKnownFileType = sourcecode.swift; path = ChangeUserDataWorker.swift; sourceTree = "<group>"; };
		7A134B4B25FE80EB0099304F /* ChangeUserDataRouter.swift */ = {isa = PBXFileReference; lastKnownFileType = sourcecode.swift; path = ChangeUserDataRouter.swift; sourceTree = "<group>"; };
		7A134B4C25FE80EB0099304F /* ChangeUserDataModels.swift */ = {isa = PBXFileReference; lastKnownFileType = sourcecode.swift; path = ChangeUserDataModels.swift; sourceTree = "<group>"; };
		7A134B4D25FE80EB0099304F /* ChangeUserDataViewController.swift */ = {isa = PBXFileReference; lastKnownFileType = sourcecode.swift; path = ChangeUserDataViewController.swift; sourceTree = "<group>"; };
		7A134B4E25FE80EB0099304F /* ChangeUserDataInteractor.swift */ = {isa = PBXFileReference; lastKnownFileType = sourcecode.swift; path = ChangeUserDataInteractor.swift; sourceTree = "<group>"; };
		7A1C9DC525EBA703007A6358 /* ReviewsTests.swift */ = {isa = PBXFileReference; lastKnownFileType = sourcecode.swift; path = ReviewsTests.swift; sourceTree = "<group>"; };
		7A1C9DCA25EBA8B2007A6358 /* ReviewManager.swift */ = {isa = PBXFileReference; lastKnownFileType = sourcecode.swift; path = ReviewManager.swift; sourceTree = "<group>"; };
		7A1C9DD225EBAB93007A6358 /* AddReviewRequestFactory.swift */ = {isa = PBXFileReference; lastKnownFileType = sourcecode.swift; path = AddReviewRequestFactory.swift; sourceTree = "<group>"; };
		7A1C9DD825EBAC5B007A6358 /* AddReviewResult.swift */ = {isa = PBXFileReference; lastKnownFileType = sourcecode.swift; path = AddReviewResult.swift; sourceTree = "<group>"; };
		7A1C9DE325EBB14C007A6358 /* ApproveReviewRequestFactory.swift */ = {isa = PBXFileReference; lastKnownFileType = sourcecode.swift; path = ApproveReviewRequestFactory.swift; sourceTree = "<group>"; };
		7A1C9DEB25EBB2A7007A6358 /* ApproveReviewResult.swift */ = {isa = PBXFileReference; lastKnownFileType = sourcecode.swift; path = ApproveReviewResult.swift; sourceTree = "<group>"; };
		7A1C9DF025EBB790007A6358 /* RemoveReviewResult.swift */ = {isa = PBXFileReference; lastKnownFileType = sourcecode.swift; path = RemoveReviewResult.swift; sourceTree = "<group>"; };
		7A1C9DF525EBB7C0007A6358 /* RemoveReviewRequestFactory.swift */ = {isa = PBXFileReference; lastKnownFileType = sourcecode.swift; path = RemoveReviewRequestFactory.swift; sourceTree = "<group>"; };
		7A1C9DFA25EBC58F007A6358 /* GetReviewsResult.swift */ = {isa = PBXFileReference; lastKnownFileType = sourcecode.swift; path = GetReviewsResult.swift; sourceTree = "<group>"; };
		7A1C9DFF25EBC5B3007A6358 /* Review.swift */ = {isa = PBXFileReference; lastKnownFileType = sourcecode.swift; path = Review.swift; sourceTree = "<group>"; };
		7A1C9E0425EBC669007A6358 /* GetReviewRequestFactory.swift */ = {isa = PBXFileReference; lastKnownFileType = sourcecode.swift; path = GetReviewRequestFactory.swift; sourceTree = "<group>"; };
		7A20E7B225FA03230031E850 /* HomePresenter.swift */ = {isa = PBXFileReference; lastKnownFileType = sourcecode.swift; path = HomePresenter.swift; sourceTree = "<group>"; };
		7A20E7B325FA03230031E850 /* HomeWorker.swift */ = {isa = PBXFileReference; lastKnownFileType = sourcecode.swift; path = HomeWorker.swift; sourceTree = "<group>"; };
		7A20E7B425FA03230031E850 /* HomeRouter.swift */ = {isa = PBXFileReference; lastKnownFileType = sourcecode.swift; path = HomeRouter.swift; sourceTree = "<group>"; };
		7A20E7B525FA03230031E850 /* HomeModels.swift */ = {isa = PBXFileReference; lastKnownFileType = sourcecode.swift; path = HomeModels.swift; sourceTree = "<group>"; };
		7A20E7B625FA03230031E850 /* HomeViewController.swift */ = {isa = PBXFileReference; lastKnownFileType = sourcecode.swift; path = HomeViewController.swift; sourceTree = "<group>"; };
		7A20E7B725FA03230031E850 /* HomeInteractor.swift */ = {isa = PBXFileReference; lastKnownFileType = sourcecode.swift; path = HomeInteractor.swift; sourceTree = "<group>"; };
		7A20E7C925FA75B30031E850 /* HomeViewController.xib */ = {isa = PBXFileReference; lastKnownFileType = file.xib; path = HomeViewController.xib; sourceTree = "<group>"; };
		7A248ACC25F02F71008670B0 /* PayBasketRequestFactory.swift */ = {isa = PBXFileReference; lastKnownFileType = sourcecode.swift; path = PayBasketRequestFactory.swift; sourceTree = "<group>"; };
		7A248AD125F02FC0008670B0 /* PayBasketResult.swift */ = {isa = PBXFileReference; lastKnownFileType = sourcecode.swift; path = PayBasketResult.swift; sourceTree = "<group>"; };
		7A256F2B25DC6243009D5F01 /* SignUpRequestFactory.swift */ = {isa = PBXFileReference; lastKnownFileType = sourcecode.swift; path = SignUpRequestFactory.swift; sourceTree = "<group>"; };
		7A256F3025DC626D009D5F01 /* SignUp.swift */ = {isa = PBXFileReference; lastKnownFileType = sourcecode.swift; path = SignUp.swift; sourceTree = "<group>"; };
		7A256F3525DC62B7009D5F01 /* SignUpResult.swift */ = {isa = PBXFileReference; lastKnownFileType = sourcecode.swift; path = SignUpResult.swift; sourceTree = "<group>"; };
		7A2D669025DD4B1100AFD665 /* LogoutRequestFactory.swift */ = {isa = PBXFileReference; lastKnownFileType = sourcecode.swift; path = LogoutRequestFactory.swift; sourceTree = "<group>"; };
		7A2D669525DD4B1900AFD665 /* Logout.swift */ = {isa = PBXFileReference; lastKnownFileType = sourcecode.swift; path = Logout.swift; sourceTree = "<group>"; };
		7A2D669A25DD4E9E00AFD665 /* LogoutResult.swift */ = {isa = PBXFileReference; lastKnownFileType = sourcecode.swift; path = LogoutResult.swift; sourceTree = "<group>"; };
		7A2D669F25DD535400AFD665 /* ChangeUserDataResult.swift */ = {isa = PBXFileReference; lastKnownFileType = sourcecode.swift; path = ChangeUserDataResult.swift; sourceTree = "<group>"; };
		7A2D66A725DD537D00AFD665 /* ChangeUserDataRequestFactory.swift */ = {isa = PBXFileReference; lastKnownFileType = sourcecode.swift; path = ChangeUserDataRequestFactory.swift; sourceTree = "<group>"; };
		7A2D66AC25DD538E00AFD665 /* ChangeUserData.swift */ = {isa = PBXFileReference; lastKnownFileType = sourcecode.swift; path = ChangeUserData.swift; sourceTree = "<group>"; };
		7A35DAD925DA4F28005B4A1F /* RequestFactory.swift */ = {isa = PBXFileReference; lastKnownFileType = sourcecode.swift; path = RequestFactory.swift; sourceTree = "<group>"; };
		7A4F797825DDAD93000C562F /* RequestFactoryTests.swift */ = {isa = PBXFileReference; lastKnownFileType = sourcecode.swift; path = RequestFactoryTests.swift; sourceTree = "<group>"; };
		7A4F797D25DDB733000C562F /* AuthTests.swift */ = {isa = PBXFileReference; lastKnownFileType = sourcecode.swift; path = AuthTests.swift; sourceTree = "<group>"; };
		7A4F798525DDB755000C562F /* SignUpTests.swift */ = {isa = PBXFileReference; lastKnownFileType = sourcecode.swift; path = SignUpTests.swift; sourceTree = "<group>"; };
		7A4F798A25DDB75F000C562F /* LogoutTests.swift */ = {isa = PBXFileReference; lastKnownFileType = sourcecode.swift; path = LogoutTests.swift; sourceTree = "<group>"; };
		7A4F798F25DDB771000C562F /* ChangeUserDataTests.swift */ = {isa = PBXFileReference; lastKnownFileType = sourcecode.swift; path = ChangeUserDataTests.swift; sourceTree = "<group>"; };
		7A55D05126029F9F00A5E2AF /* ViewFactory.swift */ = {isa = PBXFileReference; lastKnownFileType = sourcecode.swift; path = ViewFactory.swift; sourceTree = "<group>"; };
		7A70A43625E24F37003023DA /* CatalogDataTests.swift */ = {isa = PBXFileReference; lastKnownFileType = sourcecode.swift; path = CatalogDataTests.swift; sourceTree = "<group>"; };
		7A70A43F25E2789F003023DA /* CatalogData.swift */ = {isa = PBXFileReference; lastKnownFileType = sourcecode.swift; path = CatalogData.swift; sourceTree = "<group>"; };
		7A70A44425E27E0B003023DA /* CatalogDataRequestFactory.swift */ = {isa = PBXFileReference; lastKnownFileType = sourcecode.swift; path = CatalogDataRequestFactory.swift; sourceTree = "<group>"; };
		7A70A45125E27F2D003023DA /* Product.swift */ = {isa = PBXFileReference; lastKnownFileType = sourcecode.swift; path = Product.swift; sourceTree = "<group>"; };
		7A70CEB425E292FF00EE360D /* GetGoodsByIdTests.swift */ = {isa = PBXFileReference; lastKnownFileType = sourcecode.swift; path = GetGoodsByIdTests.swift; sourceTree = "<group>"; };
		7A70CEBD25E293B500EE360D /* GoodsById.swift */ = {isa = PBXFileReference; lastKnownFileType = sourcecode.swift; path = GoodsById.swift; sourceTree = "<group>"; };
		7A70CEC525E2952700EE360D /* GoodsByIdRequestFactory.swift */ = {isa = PBXFileReference; lastKnownFileType = sourcecode.swift; path = GoodsByIdRequestFactory.swift; sourceTree = "<group>"; };
		7A70CECA25E2959000EE360D /* GoodsByIdResult.swift */ = {isa = PBXFileReference; lastKnownFileType = sourcecode.swift; path = GoodsByIdResult.swift; sourceTree = "<group>"; };
		7A7AAC9925F8196100296D5F /* AuthModels.swift */ = {isa = PBXFileReference; lastKnownFileType = sourcecode.swift; path = AuthModels.swift; sourceTree = "<group>"; };
		7A7AAC9E25F81A4100296D5F /* AuthViewController.swift */ = {isa = PBXFileReference; lastKnownFileType = sourcecode.swift; path = AuthViewController.swift; sourceTree = "<group>"; };
		7A7AACA325F81C8F00296D5F /* AuthInteractor.swift */ = {isa = PBXFileReference; lastKnownFileType = sourcecode.swift; path = AuthInteractor.swift; sourceTree = "<group>"; };
		7A7AACA825F81CA200296D5F /* AuthPresenter.swift */ = {isa = PBXFileReference; lastKnownFileType = sourcecode.swift; path = AuthPresenter.swift; sourceTree = "<group>"; };
		7A7AACB025F9299C00296D5F /* AuthWorker.swift */ = {isa = PBXFileReference; lastKnownFileType = sourcecode.swift; path = AuthWorker.swift; sourceTree = "<group>"; };
		7A7AACB525F929CF00296D5F /* AuthRouter.swift */ = {isa = PBXFileReference; lastKnownFileType = sourcecode.swift; path = AuthRouter.swift; sourceTree = "<group>"; };
		7A9A4EB82607DEAA002EB0E2 /* HomeTableViewCell.swift */ = {isa = PBXFileReference; lastKnownFileType = sourcecode.swift; path = HomeTableViewCell.swift; sourceTree = "<group>"; };
		7A9A4EB92607DEAA002EB0E2 /* HomeTableViewCell.xib */ = {isa = PBXFileReference; lastKnownFileType = file.xib; path = HomeTableViewCell.xib; sourceTree = "<group>"; };
		7A9A4ECD2607F1CF002EB0E2 /* AuthConfigure.swift */ = {isa = PBXFileReference; lastKnownFileType = sourcecode.swift; path = AuthConfigure.swift; sourceTree = "<group>"; };
		7A9A4ED52607F342002EB0E2 /* SignUpConfigure.swift */ = {isa = PBXFileReference; lastKnownFileType = sourcecode.swift; path = SignUpConfigure.swift; sourceTree = "<group>"; };
		7A9A4EDD2607F3F5002EB0E2 /* ChangeUserDataConfigure.swift */ = {isa = PBXFileReference; lastKnownFileType = sourcecode.swift; path = ChangeUserDataConfigure.swift; sourceTree = "<group>"; };
		7A9A4EE52607F5F8002EB0E2 /* HomeConfigure.swift */ = {isa = PBXFileReference; lastKnownFileType = sourcecode.swift; path = HomeConfigure.swift; sourceTree = "<group>"; };
		7A9C060F25F959990087B533 /* SignUpPresenter.swift */ = {isa = PBXFileReference; lastKnownFileType = sourcecode.swift; path = SignUpPresenter.swift; sourceTree = "<group>"; };
		7A9C061025F959990087B533 /* SignUpWorker.swift */ = {isa = PBXFileReference; lastKnownFileType = sourcecode.swift; path = SignUpWorker.swift; sourceTree = "<group>"; };
		7A9C061125F959990087B533 /* SignUpRouter.swift */ = {isa = PBXFileReference; lastKnownFileType = sourcecode.swift; path = SignUpRouter.swift; sourceTree = "<group>"; };
		7A9C061225F959990087B533 /* SignUpModels.swift */ = {isa = PBXFileReference; lastKnownFileType = sourcecode.swift; path = SignUpModels.swift; sourceTree = "<group>"; };
		7A9C061325F959990087B533 /* SignUpViewController.swift */ = {isa = PBXFileReference; lastKnownFileType = sourcecode.swift; path = SignUpViewController.swift; sourceTree = "<group>"; };
		7A9C061425F959990087B533 /* SignUpInteractor.swift */ = {isa = PBXFileReference; lastKnownFileType = sourcecode.swift; path = SignUpInteractor.swift; sourceTree = "<group>"; };
		7A9C062B25F95F0F0087B533 /* AuthView.swift */ = {isa = PBXFileReference; lastKnownFileType = sourcecode.swift; path = AuthView.swift; sourceTree = "<group>"; };
		7A9C064025F96ACC0087B533 /* en */ = {isa = PBXFileReference; lastKnownFileType = text.plist.strings; name = en; path = en.lproj/Localizable.strings; sourceTree = "<group>"; };
		7A9C064525F96ACF0087B533 /* ru */ = {isa = PBXFileReference; lastKnownFileType = text.plist.strings; name = ru; path = ru.lproj/Localizable.strings; sourceTree = "<group>"; };
		7A9C064925F96EF10087B533 /* SignUpView.swift */ = {isa = PBXFileReference; lastKnownFileType = sourcecode.swift; path = SignUpView.swift; sourceTree = "<group>"; };
		7A9C064E25F96EFF0087B533 /* ChangeUserDataView.swift */ = {isa = PBXFileReference; lastKnownFileType = sourcecode.swift; path = ChangeUserDataView.swift; sourceTree = "<group>"; };
		7AA5AD0A25D8027A00D9F949 /* GBShop.app */ = {isa = PBXFileReference; explicitFileType = wrapper.application; includeInIndex = 0; path = GBShop.app; sourceTree = BUILT_PRODUCTS_DIR; };
		7AA5AD0D25D8027A00D9F949 /* AppDelegate.swift */ = {isa = PBXFileReference; lastKnownFileType = sourcecode.swift; path = AppDelegate.swift; sourceTree = "<group>"; };
		7AA5AD0F25D8027A00D9F949 /* SceneDelegate.swift */ = {isa = PBXFileReference; lastKnownFileType = sourcecode.swift; path = SceneDelegate.swift; sourceTree = "<group>"; };
		7AA5AD1625D8027B00D9F949 /* Assets.xcassets */ = {isa = PBXFileReference; lastKnownFileType = folder.assetcatalog; path = Assets.xcassets; sourceTree = "<group>"; };
		7AA5AD1925D8027B00D9F949 /* Base */ = {isa = PBXFileReference; lastKnownFileType = file.storyboard; name = Base; path = Base.lproj/LaunchScreen.storyboard; sourceTree = "<group>"; };
		7AA5AD1B25D8027B00D9F949 /* Info.plist */ = {isa = PBXFileReference; lastKnownFileType = text.plist.xml; path = Info.plist; sourceTree = "<group>"; };
		7AA5AD2025D8027B00D9F949 /* GBShopTests.xctest */ = {isa = PBXFileReference; explicitFileType = wrapper.cfbundle; includeInIndex = 0; path = GBShopTests.xctest; sourceTree = BUILT_PRODUCTS_DIR; };
		7AA5AD2625D8027B00D9F949 /* Info.plist */ = {isa = PBXFileReference; lastKnownFileType = text.plist.xml; path = Info.plist; sourceTree = "<group>"; };
		7AA5AD2B25D8027B00D9F949 /* GBShopUITests.xctest */ = {isa = PBXFileReference; explicitFileType = wrapper.cfbundle; includeInIndex = 0; path = GBShopUITests.xctest; sourceTree = BUILT_PRODUCTS_DIR; };
		7AA5AD2F25D8027B00D9F949 /* GBShopUITests.swift */ = {isa = PBXFileReference; lastKnownFileType = sourcecode.swift; path = GBShopUITests.swift; sourceTree = "<group>"; };
		7AA5AD3125D8027B00D9F949 /* Info.plist */ = {isa = PBXFileReference; lastKnownFileType = text.plist.xml; path = Info.plist; sourceTree = "<group>"; };
		7AA5AD5F25D9BC5600D9F949 /* AbstractErrorParser.swift */ = {isa = PBXFileReference; lastKnownFileType = sourcecode.swift; path = AbstractErrorParser.swift; sourceTree = "<group>"; };
		7AA5AD6425D9BD3200D9F949 /* ErrorParser.swift */ = {isa = PBXFileReference; lastKnownFileType = sourcecode.swift; path = ErrorParser.swift; sourceTree = "<group>"; };
		7AA5AD6F25D9BF2B00D9F949 /* ResponseCodable.swift */ = {isa = PBXFileReference; lastKnownFileType = sourcecode.swift; path = ResponseCodable.swift; sourceTree = "<group>"; };
		7AA5AD7425D9C50300D9F949 /* AbstractRequestFactory.swift */ = {isa = PBXFileReference; lastKnownFileType = sourcecode.swift; path = AbstractRequestFactory.swift; sourceTree = "<group>"; };
		7AA5AD7925D9C76200D9F949 /* RequestRouter.swift */ = {isa = PBXFileReference; lastKnownFileType = sourcecode.swift; path = RequestRouter.swift; sourceTree = "<group>"; };
		7AA5AD7E25D9CA4C00D9F949 /* LoginResult.swift */ = {isa = PBXFileReference; lastKnownFileType = sourcecode.swift; path = LoginResult.swift; sourceTree = "<group>"; };
		7AA5AD8325D9CA8400D9F949 /* User.swift */ = {isa = PBXFileReference; lastKnownFileType = sourcecode.swift; path = User.swift; sourceTree = "<group>"; };
		7AA5AD8A25D9CD8700D9F949 /* AuthRequestFactory.swift */ = {isa = PBXFileReference; lastKnownFileType = sourcecode.swift; path = AuthRequestFactory.swift; sourceTree = "<group>"; };
		7AA5AD9225D9CE1B00D9F949 /* Auth.swift */ = {isa = PBXFileReference; lastKnownFileType = sourcecode.swift; path = Auth.swift; sourceTree = "<group>"; };
		7ABD55E52608F376006B5980 /* GetReviewsPresenter.swift */ = {isa = PBXFileReference; lastKnownFileType = sourcecode.swift; path = GetReviewsPresenter.swift; sourceTree = "<group>"; };
		7ABD55E62608F376006B5980 /* GetReviewsWorker.swift */ = {isa = PBXFileReference; lastKnownFileType = sourcecode.swift; path = GetReviewsWorker.swift; sourceTree = "<group>"; };
		7ABD55E72608F376006B5980 /* GetReviewsRouter.swift */ = {isa = PBXFileReference; lastKnownFileType = sourcecode.swift; path = GetReviewsRouter.swift; sourceTree = "<group>"; };
		7ABD55E82608F376006B5980 /* GetReviewsModels.swift */ = {isa = PBXFileReference; lastKnownFileType = sourcecode.swift; path = GetReviewsModels.swift; sourceTree = "<group>"; };
		7ABD55E92608F376006B5980 /* GetReviewsViewController.swift */ = {isa = PBXFileReference; lastKnownFileType = sourcecode.swift; path = GetReviewsViewController.swift; sourceTree = "<group>"; };
		7ABD55EA2608F376006B5980 /* GetReviewsInteractor.swift */ = {isa = PBXFileReference; lastKnownFileType = sourcecode.swift; path = GetReviewsInteractor.swift; sourceTree = "<group>"; };
		7ABD55F42608F39B006B5980 /* GetReviewsConfigurator.swift */ = {isa = PBXFileReference; lastKnownFileType = sourcecode.swift; path = GetReviewsConfigurator.swift; sourceTree = "<group>"; };
		7AC494F725EE82F2007199A2 /* BasketTests.swift */ = {isa = PBXFileReference; lastKnownFileType = sourcecode.swift; path = BasketTests.swift; sourceTree = "<group>"; };
		7AC494FF25EE83A3007199A2 /* BasketManager.swift */ = {isa = PBXFileReference; lastKnownFileType = sourcecode.swift; path = BasketManager.swift; sourceTree = "<group>"; };
		7AC4950425EE854B007199A2 /* AddToBasketResult.swift */ = {isa = PBXFileReference; lastKnownFileType = sourcecode.swift; path = AddToBasketResult.swift; sourceTree = "<group>"; };
		7AC4950925EE8566007199A2 /* DeleteFromBasketResult.swift */ = {isa = PBXFileReference; lastKnownFileType = sourcecode.swift; path = DeleteFromBasketResult.swift; sourceTree = "<group>"; };
		7AC4950E25EE85B1007199A2 /* AddToBasketRequestFactory.swift */ = {isa = PBXFileReference; lastKnownFileType = sourcecode.swift; path = AddToBasketRequestFactory.swift; sourceTree = "<group>"; };
		7AC4951325EECC62007199A2 /* DeleteFromBasketRequestFactory.swift */ = {isa = PBXFileReference; lastKnownFileType = sourcecode.swift; path = DeleteFromBasketRequestFactory.swift; sourceTree = "<group>"; };
		7AC9581725E5C3B0001C24B1 /* CatalogDataResult.swift */ = {isa = PBXFileReference; lastKnownFileType = sourcecode.swift; path = CatalogDataResult.swift; sourceTree = "<group>"; };
		7AEDFEE6260A449B0001F8CD /* GetReviewsView.swift */ = {isa = PBXFileReference; lastKnownFileType = sourcecode.swift; path = GetReviewsView.swift; sourceTree = "<group>"; };
		7AEDFEEF260A8D370001F8CD /* GoodsByIdPresenter.swift */ = {isa = PBXFileReference; lastKnownFileType = sourcecode.swift; path = GoodsByIdPresenter.swift; sourceTree = "<group>"; };
		7AEDFEF0260A8D370001F8CD /* GoodsByIdWorker.swift */ = {isa = PBXFileReference; lastKnownFileType = sourcecode.swift; path = GoodsByIdWorker.swift; sourceTree = "<group>"; };
		7AEDFEF1260A8D370001F8CD /* GoodsByIdRouter.swift */ = {isa = PBXFileReference; lastKnownFileType = sourcecode.swift; path = GoodsByIdRouter.swift; sourceTree = "<group>"; };
		7AEDFEF2260A8D370001F8CD /* GoodsByIdModels.swift */ = {isa = PBXFileReference; lastKnownFileType = sourcecode.swift; path = GoodsByIdModels.swift; sourceTree = "<group>"; };
		7AEDFEF3260A8D370001F8CD /* GoodsByIdViewController.swift */ = {isa = PBXFileReference; lastKnownFileType = sourcecode.swift; path = GoodsByIdViewController.swift; sourceTree = "<group>"; };
		7AEDFEF4260A8D370001F8CD /* GoodsByIdInteractor.swift */ = {isa = PBXFileReference; lastKnownFileType = sourcecode.swift; path = GoodsByIdInteractor.swift; sourceTree = "<group>"; };
		7AEDFF01260A8E020001F8CD /* GoodsByIdConfigurator.swift */ = {isa = PBXFileReference; lastKnownFileType = sourcecode.swift; path = GoodsByIdConfigurator.swift; sourceTree = "<group>"; };
		7AEDFF09260A8F9D0001F8CD /* GoodsByIdViewController.xib */ = {isa = PBXFileReference; lastKnownFileType = file.xib; path = GoodsByIdViewController.xib; sourceTree = "<group>"; };
/* End PBXFileReference section */

/* Begin PBXFrameworksBuildPhase section */
		7AA5AD0725D8027A00D9F949 /* Frameworks */ = {
			isa = PBXFrameworksBuildPhase;
			buildActionMask = 2147483647;
			files = (
				7AA5AD6B25D9BE2100D9F949 /* Alamofire in Frameworks */,
			);
			runOnlyForDeploymentPostprocessing = 0;
		};
		7AA5AD1D25D8027B00D9F949 /* Frameworks */ = {
			isa = PBXFrameworksBuildPhase;
			buildActionMask = 2147483647;
			files = (
			);
			runOnlyForDeploymentPostprocessing = 0;
		};
		7AA5AD2825D8027B00D9F949 /* Frameworks */ = {
			isa = PBXFrameworksBuildPhase;
			buildActionMask = 2147483647;
			files = (
			);
			runOnlyForDeploymentPostprocessing = 0;
		};
/* End PBXFrameworksBuildPhase section */

/* Begin PBXGroup section */
		7A1C9DC025EBA535007A6358 /* Reviews */ = {
			isa = PBXGroup;
			children = (
				7A1C9DD225EBAB93007A6358 /* AddReviewRequestFactory.swift */,
				7A1C9DE325EBB14C007A6358 /* ApproveReviewRequestFactory.swift */,
				7A1C9DF525EBB7C0007A6358 /* RemoveReviewRequestFactory.swift */,
				7A1C9E0425EBC669007A6358 /* GetReviewRequestFactory.swift */,
				7A1C9DCA25EBA8B2007A6358 /* ReviewManager.swift */,
			);
			path = Reviews;
			sourceTree = "<group>";
		};
		7A1C9DC125EBA569007A6358 /* Reviews */ = {
			isa = PBXGroup;
			children = (
				7A1C9DC525EBA703007A6358 /* ReviewsTests.swift */,
			);
			path = Reviews;
			sourceTree = "<group>";
		};
		7A1C9DD725EBAC3B007A6358 /* Reviews */ = {
			isa = PBXGroup;
			children = (
				7A1C9DD825EBAC5B007A6358 /* AddReviewResult.swift */,
				7A1C9DEB25EBB2A7007A6358 /* ApproveReviewResult.swift */,
				7A1C9DF025EBB790007A6358 /* RemoveReviewResult.swift */,
				7A1C9DFA25EBC58F007A6358 /* GetReviewsResult.swift */,
				7A1C9DFF25EBC5B3007A6358 /* Review.swift */,
			);
			path = Reviews;
			sourceTree = "<group>";
		};
		7A20740B25F953C00018407B /* SignUpScene */ = {
			isa = PBXGroup;
			children = (
				7A9A4ED52607F342002EB0E2 /* SignUpConfigure.swift */,
				7A9C061325F959990087B533 /* SignUpViewController.swift */,
				7A9C061425F959990087B533 /* SignUpInteractor.swift */,
				7A9C060F25F959990087B533 /* SignUpPresenter.swift */,
				7A9C061225F959990087B533 /* SignUpModels.swift */,
				7A9C061125F959990087B533 /* SignUpRouter.swift */,
				7A9C061025F959990087B533 /* SignUpWorker.swift */,
			);
			path = SignUpScene;
			sourceTree = "<group>";
		};
		7A20740D25F953D50018407B /* ChangeUserDataScene */ = {
			isa = PBXGroup;
			children = (
				7A9A4EDD2607F3F5002EB0E2 /* ChangeUserDataConfigure.swift */,
				7A134B4D25FE80EB0099304F /* ChangeUserDataViewController.swift */,
				7A134B4E25FE80EB0099304F /* ChangeUserDataInteractor.swift */,
				7A134B4925FE80EB0099304F /* ChangeUserDataPresenter.swift */,
				7A134B4C25FE80EB0099304F /* ChangeUserDataModels.swift */,
				7A134B4B25FE80EB0099304F /* ChangeUserDataRouter.swift */,
				7A134B4A25FE80EB0099304F /* ChangeUserDataWorker.swift */,
			);
			path = ChangeUserDataScene;
			sourceTree = "<group>";
		};
		7A256F2725DC614A009D5F01 /* Auth */ = {
			isa = PBXGroup;
			children = (
				7AA5AD8A25D9CD8700D9F949 /* AuthRequestFactory.swift */,
				7AA5AD9225D9CE1B00D9F949 /* Auth.swift */,
			);
			path = Auth;
			sourceTree = "<group>";
		};
		7A256F2825DC6161009D5F01 /* SignUp */ = {
			isa = PBXGroup;
			children = (
				7A256F2B25DC6243009D5F01 /* SignUpRequestFactory.swift */,
				7A256F3025DC626D009D5F01 /* SignUp.swift */,
			);
			path = SignUp;
			sourceTree = "<group>";
		};
		7A256F2925DC6192009D5F01 /* ChangeUserData */ = {
			isa = PBXGroup;
			children = (
				7A2D66A725DD537D00AFD665 /* ChangeUserDataRequestFactory.swift */,
				7A2D66AC25DD538E00AFD665 /* ChangeUserData.swift */,
			);
			path = ChangeUserData;
			sourceTree = "<group>";
		};
		7A256F2A25DC61D3009D5F01 /* Logout */ = {
			isa = PBXGroup;
			children = (
				7A2D669025DD4B1100AFD665 /* LogoutRequestFactory.swift */,
				7A2D669525DD4B1900AFD665 /* Logout.swift */,
			);
			path = Logout;
			sourceTree = "<group>";
		};
		7A55F93925F9EC790023DF83 /* HomeScene */ = {
			isa = PBXGroup;
			children = (
				7A9A4EE52607F5F8002EB0E2 /* HomeConfigure.swift */,
				7A20E7C925FA75B30031E850 /* HomeViewController.xib */,
				7A20E7B625FA03230031E850 /* HomeViewController.swift */,
				7A20E7B725FA03230031E850 /* HomeInteractor.swift */,
				7A20E7B225FA03230031E850 /* HomePresenter.swift */,
				7A20E7B525FA03230031E850 /* HomeModels.swift */,
				7A20E7B425FA03230031E850 /* HomeRouter.swift */,
				7A20E7B325FA03230031E850 /* HomeWorker.swift */,
			);
			path = HomeScene;
			sourceTree = "<group>";
		};
		7A70A43E25E27853003023DA /* CatalogData */ = {
			isa = PBXGroup;
			children = (
				7A70A44425E27E0B003023DA /* CatalogDataRequestFactory.swift */,
				7A70A43F25E2789F003023DA /* CatalogData.swift */,
			);
			path = CatalogData;
			sourceTree = "<group>";
		};
		7A70CEBC25E2939500EE360D /* GoodsById */ = {
			isa = PBXGroup;
			children = (
				7A70CEC525E2952700EE360D /* GoodsByIdRequestFactory.swift */,
				7A70CEBD25E293B500EE360D /* GoodsById.swift */,
			);
			path = GoodsById;
			sourceTree = "<group>";
		};
		7A7AAC9725F8100700296D5F /* Scenes */ = {
			isa = PBXGroup;
			children = (
				7A55F93925F9EC790023DF83 /* HomeScene */,
				7AEDFEEE260A8D030001F8CD /* GoodsByIdScene */,
				7ABD55D02608F298006B5980 /* GetReviewsScene */,
				7A7AAC9825F8156E00296D5F /* AuthScene */,
				7A20740B25F953C00018407B /* SignUpScene */,
				7A20740D25F953D50018407B /* ChangeUserDataScene */,
			);
			path = Scenes;
			sourceTree = "<group>";
		};
		7A7AAC9825F8156E00296D5F /* AuthScene */ = {
			isa = PBXGroup;
			children = (
				7A9A4ECD2607F1CF002EB0E2 /* AuthConfigure.swift */,
				7A7AAC9E25F81A4100296D5F /* AuthViewController.swift */,
				7A7AACA325F81C8F00296D5F /* AuthInteractor.swift */,
				7A7AACA825F81CA200296D5F /* AuthPresenter.swift */,
				7A7AAC9925F8196100296D5F /* AuthModels.swift */,
				7A7AACB525F929CF00296D5F /* AuthRouter.swift */,
				7A7AACB025F9299C00296D5F /* AuthWorker.swift */,
			);
			path = AuthScene;
			sourceTree = "<group>";
		};
		7A9A4EC52607E5FE002EB0E2 /* HomeTableViewCell */ = {
			isa = PBXGroup;
			children = (
				7A9A4EB92607DEAA002EB0E2 /* HomeTableViewCell.xib */,
				7A9A4EB82607DEAA002EB0E2 /* HomeTableViewCell.swift */,
			);
			path = HomeTableViewCell;
			sourceTree = "<group>";
		};
		7A9C062925F95ED80087B533 /* Views */ = {
			isa = PBXGroup;
			children = (
				7A55D05126029F9F00A5E2AF /* ViewFactory.swift */,
				7A9C062B25F95F0F0087B533 /* AuthView.swift */,
				7A9C064925F96EF10087B533 /* SignUpView.swift */,
				7A9C064E25F96EFF0087B533 /* ChangeUserDataView.swift */,
				7AEDFEE6260A449B0001F8CD /* GetReviewsView.swift */,
				7A9A4EC52607E5FE002EB0E2 /* HomeTableViewCell */,
			);
			path = Views;
			sourceTree = "<group>";
		};
		7AA5AD0125D8027A00D9F949 = {
			isa = PBXGroup;
			children = (
				7AA5AD0C25D8027A00D9F949 /* GBShop */,
				7AA5AD2325D8027B00D9F949 /* GBShopTests */,
				7AA5AD2E25D8027B00D9F949 /* GBShopUITests */,
				7AA5AD0B25D8027A00D9F949 /* Products */,
			);
			sourceTree = "<group>";
		};
		7AA5AD0B25D8027A00D9F949 /* Products */ = {
			isa = PBXGroup;
			children = (
				7AA5AD0A25D8027A00D9F949 /* GBShop.app */,
				7AA5AD2025D8027B00D9F949 /* GBShopTests.xctest */,
				7AA5AD2B25D8027B00D9F949 /* GBShopUITests.xctest */,
			);
			name = Products;
			sourceTree = "<group>";
		};
		7AA5AD0C25D8027A00D9F949 /* GBShop */ = {
			isa = PBXGroup;
			children = (
				7AA5AD4025D80AC900D9F949 /* App */,
				7AA5AD4525D80B7D00D9F949 /* Core */,
				7AA5AD4725D80B9D00D9F949 /* Resources */,
				7AA5AD4825D80BA700D9F949 /* Environments */,
			);
			path = GBShop;
			sourceTree = "<group>";
		};
		7AA5AD2325D8027B00D9F949 /* GBShopTests */ = {
			isa = PBXGroup;
			children = (
				7A4F797825DDAD93000C562F /* RequestFactoryTests.swift */,
				7A4F797D25DDB733000C562F /* AuthTests.swift */,
				7A4F798525DDB755000C562F /* SignUpTests.swift */,
				7A4F798A25DDB75F000C562F /* LogoutTests.swift */,
				7A4F798F25DDB771000C562F /* ChangeUserDataTests.swift */,
				7A70A43625E24F37003023DA /* CatalogDataTests.swift */,
				7A70CEB425E292FF00EE360D /* GetGoodsByIdTests.swift */,
				7A1C9DC125EBA569007A6358 /* Reviews */,
				7AC494F625EE82B2007199A2 /* Basket */,
				7AA5AD2625D8027B00D9F949 /* Info.plist */,
			);
			path = GBShopTests;
			sourceTree = "<group>";
		};
		7AA5AD2E25D8027B00D9F949 /* GBShopUITests */ = {
			isa = PBXGroup;
			children = (
				7AA5AD2F25D8027B00D9F949 /* GBShopUITests.swift */,
				7AA5AD3125D8027B00D9F949 /* Info.plist */,
			);
			path = GBShopUITests;
			sourceTree = "<group>";
		};
		7AA5AD4025D80AC900D9F949 /* App */ = {
			isa = PBXGroup;
			children = (
				7AA5AD0D25D8027A00D9F949 /* AppDelegate.swift */,
				7AA5AD0F25D8027A00D9F949 /* SceneDelegate.swift */,
				7AA5AD4125D80AD900D9F949 /* BusinessLogic */,
				7AA5AD4225D80B1500D9F949 /* Entity */,
				7AA5AD4325D80B2900D9F949 /* Assembly */,
				7AA5AD4425D80B3900D9F949 /* Flows */,
			);
			path = App;
			sourceTree = "<group>";
		};
		7AA5AD4125D80AD900D9F949 /* BusinessLogic */ = {
			isa = PBXGroup;
			children = (
				7AA5AD8925D9CD4300D9F949 /* Network */,
			);
			path = BusinessLogic;
			sourceTree = "<group>";
		};
		7AA5AD4225D80B1500D9F949 /* Entity */ = {
			isa = PBXGroup;
			children = (
				7AA5AD8325D9CA8400D9F949 /* User.swift */,
				7AA5AD7E25D9CA4C00D9F949 /* LoginResult.swift */,
				7A256F3525DC62B7009D5F01 /* SignUpResult.swift */,
				7A2D669A25DD4E9E00AFD665 /* LogoutResult.swift */,
				7A2D669F25DD535400AFD665 /* ChangeUserDataResult.swift */,
				7AC9581725E5C3B0001C24B1 /* CatalogDataResult.swift */,
				7A70A45125E27F2D003023DA /* Product.swift */,
				7A70CECA25E2959000EE360D /* GoodsByIdResult.swift */,
				7A1C9DD725EBAC3B007A6358 /* Reviews */,
				7AC494F525EE82A3007199A2 /* Basket */,
			);
			path = Entity;
			sourceTree = "<group>";
		};
		7AA5AD4325D80B2900D9F949 /* Assembly */ = {
			isa = PBXGroup;
			children = (
			);
			path = Assembly;
			sourceTree = "<group>";
		};
		7AA5AD4425D80B3900D9F949 /* Flows */ = {
			isa = PBXGroup;
			children = (
				7A134B3525FE6ED20099304F /* TabBarController.swift */,
				7A9C062925F95ED80087B533 /* Views */,
				7A7AAC9725F8100700296D5F /* Scenes */,
			);
			path = Flows;
			sourceTree = "<group>";
		};
		7AA5AD4525D80B7D00D9F949 /* Core */ = {
			isa = PBXGroup;
			children = (
				7AA5AD5E25D9BC0800D9F949 /* Network */,
			);
			path = Core;
			sourceTree = "<group>";
		};
		7AA5AD4725D80B9D00D9F949 /* Resources */ = {
			isa = PBXGroup;
			children = (
				7AA5AD1625D8027B00D9F949 /* Assets.xcassets */,
				7AA5AD1825D8027B00D9F949 /* LaunchScreen.storyboard */,
				7A9C064125F96ACC0087B533 /* Localizable.strings */,
			);
			path = Resources;
			sourceTree = "<group>";
		};
		7AA5AD4825D80BA700D9F949 /* Environments */ = {
			isa = PBXGroup;
			children = (
				7AA5AD1B25D8027B00D9F949 /* Info.plist */,
			);
			path = Environments;
			sourceTree = "<group>";
		};
		7AA5AD5E25D9BC0800D9F949 /* Network */ = {
			isa = PBXGroup;
			children = (
				7AA5AD5F25D9BC5600D9F949 /* AbstractErrorParser.swift */,
				7AA5AD6425D9BD3200D9F949 /* ErrorParser.swift */,
				7AA5AD6F25D9BF2B00D9F949 /* ResponseCodable.swift */,
				7AA5AD7425D9C50300D9F949 /* AbstractRequestFactory.swift */,
				7AA5AD7925D9C76200D9F949 /* RequestRouter.swift */,
			);
			path = Network;
			sourceTree = "<group>";
		};
		7AA5AD8925D9CD4300D9F949 /* Network */ = {
			isa = PBXGroup;
			children = (
				7A35DAD925DA4F28005B4A1F /* RequestFactory.swift */,
				7A256F2725DC614A009D5F01 /* Auth */,
				7A256F2825DC6161009D5F01 /* SignUp */,
				7A256F2A25DC61D3009D5F01 /* Logout */,
				7A256F2925DC6192009D5F01 /* ChangeUserData */,
				7A70A43E25E27853003023DA /* CatalogData */,
				7A70CEBC25E2939500EE360D /* GoodsById */,
				7A1C9DC025EBA535007A6358 /* Reviews */,
				7AC494F125EE828A007199A2 /* Basket */,
			);
			path = Network;
			sourceTree = "<group>";
		};
		7ABD55D02608F298006B5980 /* GetReviewsScene */ = {
			isa = PBXGroup;
			children = (
				7ABD55F42608F39B006B5980 /* GetReviewsConfigurator.swift */,
				7ABD55E92608F376006B5980 /* GetReviewsViewController.swift */,
				7ABD55EA2608F376006B5980 /* GetReviewsInteractor.swift */,
				7ABD55E52608F376006B5980 /* GetReviewsPresenter.swift */,
				7ABD55E82608F376006B5980 /* GetReviewsModels.swift */,
				7ABD55E72608F376006B5980 /* GetReviewsRouter.swift */,
				7ABD55E62608F376006B5980 /* GetReviewsWorker.swift */,
			);
			path = GetReviewsScene;
			sourceTree = "<group>";
		};
		7AC494F125EE828A007199A2 /* Basket */ = {
			isa = PBXGroup;
			children = (
				7AC4950E25EE85B1007199A2 /* AddToBasketRequestFactory.swift */,
				7AC4951325EECC62007199A2 /* DeleteFromBasketRequestFactory.swift */,
				7A248ACC25F02F71008670B0 /* PayBasketRequestFactory.swift */,
				7AC494FF25EE83A3007199A2 /* BasketManager.swift */,
			);
			path = Basket;
			sourceTree = "<group>";
		};
		7AC494F525EE82A3007199A2 /* Basket */ = {
			isa = PBXGroup;
			children = (
				7AC4950425EE854B007199A2 /* AddToBasketResult.swift */,
				7AC4950925EE8566007199A2 /* DeleteFromBasketResult.swift */,
				7A248AD125F02FC0008670B0 /* PayBasketResult.swift */,
			);
			path = Basket;
			sourceTree = "<group>";
		};
		7AC494F625EE82B2007199A2 /* Basket */ = {
			isa = PBXGroup;
			children = (
				7AC494F725EE82F2007199A2 /* BasketTests.swift */,
			);
			path = Basket;
			sourceTree = "<group>";
		};
		7AEDFEEE260A8D030001F8CD /* GoodsByIdScene */ = {
			isa = PBXGroup;
			children = (
				7AEDFF01260A8E020001F8CD /* GoodsByIdConfigurator.swift */,
				7AEDFF09260A8F9D0001F8CD /* GoodsByIdViewController.xib */,
				7AEDFEF3260A8D370001F8CD /* GoodsByIdViewController.swift */,
				7AEDFEF4260A8D370001F8CD /* GoodsByIdInteractor.swift */,
				7AEDFEEF260A8D370001F8CD /* GoodsByIdPresenter.swift */,
				7AEDFEF2260A8D370001F8CD /* GoodsByIdModels.swift */,
				7AEDFEF1260A8D370001F8CD /* GoodsByIdRouter.swift */,
				7AEDFEF0260A8D370001F8CD /* GoodsByIdWorker.swift */,
			);
			path = GoodsByIdScene;
			sourceTree = "<group>";
		};
/* End PBXGroup section */

/* Begin PBXNativeTarget section */
		7AA5AD0925D8027A00D9F949 /* GBShop */ = {
			isa = PBXNativeTarget;
			buildConfigurationList = 7AA5AD3425D8027B00D9F949 /* Build configuration list for PBXNativeTarget "GBShop" */;
			buildPhases = (
				7A50138B25EA55460082B179 /* ShellScript */,
				7AA5AD0625D8027A00D9F949 /* Sources */,
				7AA5AD0725D8027A00D9F949 /* Frameworks */,
				7AA5AD0825D8027A00D9F949 /* Resources */,
			);
			buildRules = (
			);
			dependencies = (
			);
			name = GBShop;
			packageProductDependencies = (
				7AA5AD6A25D9BE2100D9F949 /* Alamofire */,
			);
			productName = GBShop;
			productReference = 7AA5AD0A25D8027A00D9F949 /* GBShop.app */;
			productType = "com.apple.product-type.application";
		};
		7AA5AD1F25D8027B00D9F949 /* GBShopTests */ = {
			isa = PBXNativeTarget;
			buildConfigurationList = 7AA5AD3725D8027B00D9F949 /* Build configuration list for PBXNativeTarget "GBShopTests" */;
			buildPhases = (
				7AA5AD1C25D8027B00D9F949 /* Sources */,
				7AA5AD1D25D8027B00D9F949 /* Frameworks */,
				7AA5AD1E25D8027B00D9F949 /* Resources */,
			);
			buildRules = (
			);
			dependencies = (
				7AA5AD2225D8027B00D9F949 /* PBXTargetDependency */,
			);
			name = GBShopTests;
			productName = GBShopTests;
			productReference = 7AA5AD2025D8027B00D9F949 /* GBShopTests.xctest */;
			productType = "com.apple.product-type.bundle.unit-test";
		};
		7AA5AD2A25D8027B00D9F949 /* GBShopUITests */ = {
			isa = PBXNativeTarget;
			buildConfigurationList = 7AA5AD3A25D8027B00D9F949 /* Build configuration list for PBXNativeTarget "GBShopUITests" */;
			buildPhases = (
				7AA5AD2725D8027B00D9F949 /* Sources */,
				7AA5AD2825D8027B00D9F949 /* Frameworks */,
				7AA5AD2925D8027B00D9F949 /* Resources */,
			);
			buildRules = (
			);
			dependencies = (
				7AA5AD2D25D8027B00D9F949 /* PBXTargetDependency */,
			);
			name = GBShopUITests;
			productName = GBShopUITests;
			productReference = 7AA5AD2B25D8027B00D9F949 /* GBShopUITests.xctest */;
			productType = "com.apple.product-type.bundle.ui-testing";
		};
/* End PBXNativeTarget section */

/* Begin PBXProject section */
		7AA5AD0225D8027A00D9F949 /* Project object */ = {
			isa = PBXProject;
			attributes = {
				LastSwiftUpdateCheck = 1240;
				LastUpgradeCheck = 1240;
				ORGANIZATIONNAME = Aksilont;
				TargetAttributes = {
					7AA5AD0925D8027A00D9F949 = {
						CreatedOnToolsVersion = 12.4;
					};
					7AA5AD1F25D8027B00D9F949 = {
						CreatedOnToolsVersion = 12.4;
						TestTargetID = 7AA5AD0925D8027A00D9F949;
					};
					7AA5AD2A25D8027B00D9F949 = {
						CreatedOnToolsVersion = 12.4;
						TestTargetID = 7AA5AD0925D8027A00D9F949;
					};
				};
			};
			buildConfigurationList = 7AA5AD0525D8027A00D9F949 /* Build configuration list for PBXProject "GBShop" */;
			compatibilityVersion = "Xcode 9.3";
			developmentRegion = en;
			hasScannedForEncodings = 0;
			knownRegions = (
				en,
				Base,
				ru,
			);
			mainGroup = 7AA5AD0125D8027A00D9F949;
			packageReferences = (
				7AA5AD6925D9BE2100D9F949 /* XCRemoteSwiftPackageReference "Alamofire" */,
			);
			productRefGroup = 7AA5AD0B25D8027A00D9F949 /* Products */;
			projectDirPath = "";
			projectRoot = "";
			targets = (
				7AA5AD0925D8027A00D9F949 /* GBShop */,
				7AA5AD1F25D8027B00D9F949 /* GBShopTests */,
				7AA5AD2A25D8027B00D9F949 /* GBShopUITests */,
			);
		};
/* End PBXProject section */

/* Begin PBXResourcesBuildPhase section */
		7AA5AD0825D8027A00D9F949 /* Resources */ = {
			isa = PBXResourcesBuildPhase;
			buildActionMask = 2147483647;
			files = (
				7AA5AD1A25D8027B00D9F949 /* LaunchScreen.storyboard in Resources */,
				7A9C063F25F96ACC0087B533 /* Localizable.strings in Resources */,
				7AA5AD1725D8027B00D9F949 /* Assets.xcassets in Resources */,
				7AEDFF0A260A8F9D0001F8CD /* GoodsByIdViewController.xib in Resources */,
				7A9A4EBB2607DEAA002EB0E2 /* HomeTableViewCell.xib in Resources */,
				7A20E7CA25FA75B30031E850 /* HomeViewController.xib in Resources */,
			);
			runOnlyForDeploymentPostprocessing = 0;
		};
		7AA5AD1E25D8027B00D9F949 /* Resources */ = {
			isa = PBXResourcesBuildPhase;
			buildActionMask = 2147483647;
			files = (
			);
			runOnlyForDeploymentPostprocessing = 0;
		};
		7AA5AD2925D8027B00D9F949 /* Resources */ = {
			isa = PBXResourcesBuildPhase;
			buildActionMask = 2147483647;
			files = (
			);
			runOnlyForDeploymentPostprocessing = 0;
		};
/* End PBXResourcesBuildPhase section */

/* Begin PBXShellScriptBuildPhase section */
		7A50138B25EA55460082B179 /* ShellScript */ = {
			isa = PBXShellScriptBuildPhase;
			buildActionMask = 2147483647;
			files = (
			);
			inputFileListPaths = (
			);
			inputPaths = (
			);
			outputFileListPaths = (
			);
			outputPaths = (
			);
			runOnlyForDeploymentPostprocessing = 0;
			shellPath = /bin/sh;
			shellScript = "if which swiftlint >/dev/null; then\n  swiftlint\nelse\n  echo \"warning: SwiftLint not installed, download from https://github.com/realm/SwiftLint\"\n  exit 1\nfi\n";
		};
/* End PBXShellScriptBuildPhase section */

/* Begin PBXSourcesBuildPhase section */
		7AA5AD0625D8027A00D9F949 /* Sources */ = {
			isa = PBXSourcesBuildPhase;
			buildActionMask = 2147483647;
			files = (
				7A134B3625FE6ED30099304F /* TabBarController.swift in Sources */,
				7ABD55EB2608F376006B5980 /* GetReviewsPresenter.swift in Sources */,
				7A1C9DD325EBAB93007A6358 /* AddReviewRequestFactory.swift in Sources */,
				7A7AAC9A25F8196100296D5F /* AuthModels.swift in Sources */,
				7A2D66A025DD535400AFD665 /* ChangeUserDataResult.swift in Sources */,
				7A70A44025E2789F003023DA /* CatalogData.swift in Sources */,
				7A20E7B825FA03230031E850 /* HomePresenter.swift in Sources */,
				7A1C9E0525EBC669007A6358 /* GetReviewRequestFactory.swift in Sources */,
				7A2D669B25DD4E9E00AFD665 /* LogoutResult.swift in Sources */,
				7A1C9DE425EBB14C007A6358 /* ApproveReviewRequestFactory.swift in Sources */,
				7A134B5025FE80EB0099304F /* ChangeUserDataWorker.swift in Sources */,
				7AEDFF02260A8E020001F8CD /* GoodsByIdConfigurator.swift in Sources */,
				7A20E7BA25FA03230031E850 /* HomeRouter.swift in Sources */,
				7A9C062C25F95F0F0087B533 /* AuthView.swift in Sources */,
				7A7AACA925F81CA200296D5F /* AuthPresenter.swift in Sources */,
				7A2D669125DD4B1100AFD665 /* LogoutRequestFactory.swift in Sources */,
				7A35DADA25DA4F28005B4A1F /* RequestFactory.swift in Sources */,
				7A2D66AD25DD538E00AFD665 /* ChangeUserData.swift in Sources */,
				7A20E7BC25FA03230031E850 /* HomeViewController.swift in Sources */,
				7A248AD225F02FC0008670B0 /* PayBasketResult.swift in Sources */,
				7A70A45225E27F2D003023DA /* Product.swift in Sources */,
				7A134B5125FE80EB0099304F /* ChangeUserDataRouter.swift in Sources */,
				7ABD55EF2608F376006B5980 /* GetReviewsViewController.swift in Sources */,
				7A20E7BD25FA03230031E850 /* HomeInteractor.swift in Sources */,
				7AEDFEF5260A8D370001F8CD /* GoodsByIdPresenter.swift in Sources */,
				7A9C064A25F96EF10087B533 /* SignUpView.swift in Sources */,
				7A256F3625DC62B7009D5F01 /* SignUpResult.swift in Sources */,
				7AA5AD6025D9BC5600D9F949 /* AbstractErrorParser.swift in Sources */,
				7AA5AD7025D9BF2B00D9F949 /* ResponseCodable.swift in Sources */,
				7A20E7BB25FA03230031E850 /* HomeModels.swift in Sources */,
				7A9A4ECE2607F1CF002EB0E2 /* AuthConfigure.swift in Sources */,
				7A9C061825F959990087B533 /* SignUpRouter.swift in Sources */,
				7A7AAC9F25F81A4100296D5F /* AuthViewController.swift in Sources */,
				7AA5AD8B25D9CD8700D9F949 /* AuthRequestFactory.swift in Sources */,
				7A70CEBE25E293B500EE360D /* GoodsById.swift in Sources */,
				7AA5AD7A25D9C76200D9F949 /* RequestRouter.swift in Sources */,
				7A55D05226029F9F00A5E2AF /* ViewFactory.swift in Sources */,
				7AA5AD0E25D8027A00D9F949 /* AppDelegate.swift in Sources */,
				7A1C9DD925EBAC5B007A6358 /* AddReviewResult.swift in Sources */,
				7AEDFEF8260A8D370001F8CD /* GoodsByIdModels.swift in Sources */,
				7AC4951425EECC62007199A2 /* DeleteFromBasketRequestFactory.swift in Sources */,
				7A1C9E0025EBC5B3007A6358 /* Review.swift in Sources */,
				7A9A4EBA2607DEAA002EB0E2 /* HomeTableViewCell.swift in Sources */,
				7A1C9DFB25EBC58F007A6358 /* GetReviewsResult.swift in Sources */,
				7A248ACD25F02F71008670B0 /* PayBasketRequestFactory.swift in Sources */,
				7AA5AD7F25D9CA4C00D9F949 /* LoginResult.swift in Sources */,
				7AEDFEFA260A8D370001F8CD /* GoodsByIdInteractor.swift in Sources */,
				7A1C9DEC25EBB2A7007A6358 /* ApproveReviewResult.swift in Sources */,
				7A256F3125DC626D009D5F01 /* SignUp.swift in Sources */,
				7AC4950525EE854B007199A2 /* AddToBasketResult.swift in Sources */,
				7AA5AD9325D9CE1B00D9F949 /* Auth.swift in Sources */,
				7A2D66A825DD537D00AFD665 /* ChangeUserDataRequestFactory.swift in Sources */,
				7ABD55EE2608F376006B5980 /* GetReviewsModels.swift in Sources */,
				7A134B5425FE80EB0099304F /* ChangeUserDataInteractor.swift in Sources */,
				7AEDFEF7260A8D370001F8CD /* GoodsByIdRouter.swift in Sources */,
				7AC4950025EE83A3007199A2 /* BasketManager.swift in Sources */,
				7A1C9DF125EBB790007A6358 /* RemoveReviewResult.swift in Sources */,
				7AEDFEF9260A8D370001F8CD /* GoodsByIdViewController.swift in Sources */,
				7A1C9DCB25EBA8B2007A6358 /* ReviewManager.swift in Sources */,
				7A9C061725F959990087B533 /* SignUpWorker.swift in Sources */,
				7A134B5325FE80EB0099304F /* ChangeUserDataViewController.swift in Sources */,
				7AA5AD8425D9CA8400D9F949 /* User.swift in Sources */,
				7A1C9DF625EBB7C0007A6358 /* RemoveReviewRequestFactory.swift in Sources */,
				7A70CECB25E2959000EE360D /* GoodsByIdResult.swift in Sources */,
				7AC4950A25EE8566007199A2 /* DeleteFromBasketResult.swift in Sources */,
				7ABD55F52608F39B006B5980 /* GetReviewsConfigurator.swift in Sources */,
				7AC4950F25EE85B1007199A2 /* AddToBasketRequestFactory.swift in Sources */,
				7AEDFEE7260A449B0001F8CD /* GetReviewsView.swift in Sources */,
				7A7AACB625F929CF00296D5F /* AuthRouter.swift in Sources */,
				7A70CEC625E2952700EE360D /* GoodsByIdRequestFactory.swift in Sources */,
				7ABD55EC2608F376006B5980 /* GetReviewsWorker.swift in Sources */,
				7AA5AD1025D8027A00D9F949 /* SceneDelegate.swift in Sources */,
				7AC9581825E5C3B0001C24B1 /* CatalogDataResult.swift in Sources */,
				7A9C064F25F96EFF0087B533 /* ChangeUserDataView.swift in Sources */,
				7A20E7B925FA03230031E850 /* HomeWorker.swift in Sources */,
				7A2D669625DD4B1900AFD665 /* Logout.swift in Sources */,
				7A134B5225FE80EB0099304F /* ChangeUserDataModels.swift in Sources */,
				7A9A4EDE2607F3F6002EB0E2 /* ChangeUserDataConfigure.swift in Sources */,
				7A70A44525E27E0B003023DA /* CatalogDataRequestFactory.swift in Sources */,
				7A7AACB125F9299C00296D5F /* AuthWorker.swift in Sources */,
				7A9C061925F959990087B533 /* SignUpModels.swift in Sources */,
				7A7AACA425F81C8F00296D5F /* AuthInteractor.swift in Sources */,
				7A9A4ED62607F342002EB0E2 /* SignUpConfigure.swift in Sources */,
				7A9A4EE62607F5F8002EB0E2 /* HomeConfigure.swift in Sources */,
				7AA5AD7525D9C50300D9F949 /* AbstractRequestFactory.swift in Sources */,
				7A256F2C25DC6243009D5F01 /* SignUpRequestFactory.swift in Sources */,
				7AEDFEF6260A8D370001F8CD /* GoodsByIdWorker.swift in Sources */,
				7A9C061A25F959990087B533 /* SignUpViewController.swift in Sources */,
				7ABD55ED2608F376006B5980 /* GetReviewsRouter.swift in Sources */,
				7ABD55F02608F376006B5980 /* GetReviewsInteractor.swift in Sources */,
				7A9C061625F959990087B533 /* SignUpPresenter.swift in Sources */,
				7A9C061B25F959990087B533 /* SignUpInteractor.swift in Sources */,
				7AA5AD6525D9BD3200D9F949 /* ErrorParser.swift in Sources */,
				7A134B4F25FE80EB0099304F /* ChangeUserDataPresenter.swift in Sources */,
			);
			runOnlyForDeploymentPostprocessing = 0;
		};
		7AA5AD1C25D8027B00D9F949 /* Sources */ = {
			isa = PBXSourcesBuildPhase;
			buildActionMask = 2147483647;
			files = (
				7A4F797925DDAD93000C562F /* RequestFactoryTests.swift in Sources */,
				7A4F798625DDB755000C562F /* SignUpTests.swift in Sources */,
				7A4F798B25DDB75F000C562F /* LogoutTests.swift in Sources */,
				7A4F797E25DDB733000C562F /* AuthTests.swift in Sources */,
				7A4F799025DDB771000C562F /* ChangeUserDataTests.swift in Sources */,
				7A1C9DC625EBA703007A6358 /* ReviewsTests.swift in Sources */,
				7A70A43725E24F37003023DA /* CatalogDataTests.swift in Sources */,
				7AC494F825EE82F2007199A2 /* BasketTests.swift in Sources */,
				7A70CEB525E292FF00EE360D /* GetGoodsByIdTests.swift in Sources */,
			);
			runOnlyForDeploymentPostprocessing = 0;
		};
		7AA5AD2725D8027B00D9F949 /* Sources */ = {
			isa = PBXSourcesBuildPhase;
			buildActionMask = 2147483647;
			files = (
				7AA5AD3025D8027B00D9F949 /* GBShopUITests.swift in Sources */,
			);
			runOnlyForDeploymentPostprocessing = 0;
		};
/* End PBXSourcesBuildPhase section */

/* Begin PBXTargetDependency section */
		7AA5AD2225D8027B00D9F949 /* PBXTargetDependency */ = {
			isa = PBXTargetDependency;
			target = 7AA5AD0925D8027A00D9F949 /* GBShop */;
			targetProxy = 7AA5AD2125D8027B00D9F949 /* PBXContainerItemProxy */;
		};
		7AA5AD2D25D8027B00D9F949 /* PBXTargetDependency */ = {
			isa = PBXTargetDependency;
			target = 7AA5AD0925D8027A00D9F949 /* GBShop */;
			targetProxy = 7AA5AD2C25D8027B00D9F949 /* PBXContainerItemProxy */;
		};
/* End PBXTargetDependency section */

/* Begin PBXVariantGroup section */
		7A9C064125F96ACC0087B533 /* Localizable.strings */ = {
			isa = PBXVariantGroup;
			children = (
				7A9C064025F96ACC0087B533 /* en */,
				7A9C064525F96ACF0087B533 /* ru */,
			);
			name = Localizable.strings;
			sourceTree = "<group>";
		};
		7AA5AD1825D8027B00D9F949 /* LaunchScreen.storyboard */ = {
			isa = PBXVariantGroup;
			children = (
				7AA5AD1925D8027B00D9F949 /* Base */,
			);
			name = LaunchScreen.storyboard;
			sourceTree = "<group>";
		};
/* End PBXVariantGroup section */

/* Begin XCBuildConfiguration section */
		7AA5AD3225D8027B00D9F949 /* Debug */ = {
			isa = XCBuildConfiguration;
			buildSettings = {
				ALWAYS_SEARCH_USER_PATHS = NO;
				CLANG_ANALYZER_LOCALIZABILITY_NONLOCALIZED = YES;
				CLANG_ANALYZER_NONNULL = YES;
				CLANG_ANALYZER_NUMBER_OBJECT_CONVERSION = YES_AGGRESSIVE;
				CLANG_CXX_LANGUAGE_STANDARD = "gnu++14";
				CLANG_CXX_LIBRARY = "libc++";
				CLANG_ENABLE_MODULES = YES;
				CLANG_ENABLE_OBJC_ARC = YES;
				CLANG_ENABLE_OBJC_WEAK = YES;
				CLANG_WARN_BLOCK_CAPTURE_AUTORELEASING = YES;
				CLANG_WARN_BOOL_CONVERSION = YES;
				CLANG_WARN_COMMA = YES;
				CLANG_WARN_CONSTANT_CONVERSION = YES;
				CLANG_WARN_DEPRECATED_OBJC_IMPLEMENTATIONS = YES;
				CLANG_WARN_DIRECT_OBJC_ISA_USAGE = YES_ERROR;
				CLANG_WARN_DOCUMENTATION_COMMENTS = YES;
				CLANG_WARN_EMPTY_BODY = YES;
				CLANG_WARN_ENUM_CONVERSION = YES;
				CLANG_WARN_INFINITE_RECURSION = YES;
				CLANG_WARN_INT_CONVERSION = YES;
				CLANG_WARN_NON_LITERAL_NULL_CONVERSION = YES;
				CLANG_WARN_OBJC_IMPLICIT_RETAIN_SELF = YES;
				CLANG_WARN_OBJC_LITERAL_CONVERSION = YES;
				CLANG_WARN_OBJC_ROOT_CLASS = YES_ERROR;
				CLANG_WARN_QUOTED_INCLUDE_IN_FRAMEWORK_HEADER = YES;
				CLANG_WARN_RANGE_LOOP_ANALYSIS = YES;
				CLANG_WARN_STRICT_PROTOTYPES = YES;
				CLANG_WARN_SUSPICIOUS_MOVE = YES;
				CLANG_WARN_UNGUARDED_AVAILABILITY = YES_AGGRESSIVE;
				CLANG_WARN_UNREACHABLE_CODE = YES;
				CLANG_WARN__DUPLICATE_METHOD_MATCH = YES;
				COPY_PHASE_STRIP = NO;
				DEBUG_INFORMATION_FORMAT = dwarf;
				ENABLE_STRICT_OBJC_MSGSEND = YES;
				ENABLE_TESTABILITY = YES;
				GCC_C_LANGUAGE_STANDARD = gnu11;
				GCC_DYNAMIC_NO_PIC = NO;
				GCC_NO_COMMON_BLOCKS = YES;
				GCC_OPTIMIZATION_LEVEL = 0;
				GCC_PREPROCESSOR_DEFINITIONS = (
					"DEBUG=1",
					"$(inherited)",
				);
				GCC_WARN_64_TO_32_BIT_CONVERSION = YES;
				GCC_WARN_ABOUT_RETURN_TYPE = YES_ERROR;
				GCC_WARN_UNDECLARED_SELECTOR = YES;
				GCC_WARN_UNINITIALIZED_AUTOS = YES_AGGRESSIVE;
				GCC_WARN_UNUSED_FUNCTION = YES;
				GCC_WARN_UNUSED_VARIABLE = YES;
				IPHONEOS_DEPLOYMENT_TARGET = 14.4;
				MTL_ENABLE_DEBUG_INFO = INCLUDE_SOURCE;
				MTL_FAST_MATH = YES;
				ONLY_ACTIVE_ARCH = YES;
				SDKROOT = iphoneos;
				SWIFT_ACTIVE_COMPILATION_CONDITIONS = DEBUG;
				SWIFT_OPTIMIZATION_LEVEL = "-Onone";
			};
			name = Debug;
		};
		7AA5AD3325D8027B00D9F949 /* Release */ = {
			isa = XCBuildConfiguration;
			buildSettings = {
				ALWAYS_SEARCH_USER_PATHS = NO;
				CLANG_ANALYZER_LOCALIZABILITY_NONLOCALIZED = YES;
				CLANG_ANALYZER_NONNULL = YES;
				CLANG_ANALYZER_NUMBER_OBJECT_CONVERSION = YES_AGGRESSIVE;
				CLANG_CXX_LANGUAGE_STANDARD = "gnu++14";
				CLANG_CXX_LIBRARY = "libc++";
				CLANG_ENABLE_MODULES = YES;
				CLANG_ENABLE_OBJC_ARC = YES;
				CLANG_ENABLE_OBJC_WEAK = YES;
				CLANG_WARN_BLOCK_CAPTURE_AUTORELEASING = YES;
				CLANG_WARN_BOOL_CONVERSION = YES;
				CLANG_WARN_COMMA = YES;
				CLANG_WARN_CONSTANT_CONVERSION = YES;
				CLANG_WARN_DEPRECATED_OBJC_IMPLEMENTATIONS = YES;
				CLANG_WARN_DIRECT_OBJC_ISA_USAGE = YES_ERROR;
				CLANG_WARN_DOCUMENTATION_COMMENTS = YES;
				CLANG_WARN_EMPTY_BODY = YES;
				CLANG_WARN_ENUM_CONVERSION = YES;
				CLANG_WARN_INFINITE_RECURSION = YES;
				CLANG_WARN_INT_CONVERSION = YES;
				CLANG_WARN_NON_LITERAL_NULL_CONVERSION = YES;
				CLANG_WARN_OBJC_IMPLICIT_RETAIN_SELF = YES;
				CLANG_WARN_OBJC_LITERAL_CONVERSION = YES;
				CLANG_WARN_OBJC_ROOT_CLASS = YES_ERROR;
				CLANG_WARN_QUOTED_INCLUDE_IN_FRAMEWORK_HEADER = YES;
				CLANG_WARN_RANGE_LOOP_ANALYSIS = YES;
				CLANG_WARN_STRICT_PROTOTYPES = YES;
				CLANG_WARN_SUSPICIOUS_MOVE = YES;
				CLANG_WARN_UNGUARDED_AVAILABILITY = YES_AGGRESSIVE;
				CLANG_WARN_UNREACHABLE_CODE = YES;
				CLANG_WARN__DUPLICATE_METHOD_MATCH = YES;
				COPY_PHASE_STRIP = NO;
				DEBUG_INFORMATION_FORMAT = "dwarf-with-dsym";
				ENABLE_NS_ASSERTIONS = NO;
				ENABLE_STRICT_OBJC_MSGSEND = YES;
				GCC_C_LANGUAGE_STANDARD = gnu11;
				GCC_NO_COMMON_BLOCKS = YES;
				GCC_WARN_64_TO_32_BIT_CONVERSION = YES;
				GCC_WARN_ABOUT_RETURN_TYPE = YES_ERROR;
				GCC_WARN_UNDECLARED_SELECTOR = YES;
				GCC_WARN_UNINITIALIZED_AUTOS = YES_AGGRESSIVE;
				GCC_WARN_UNUSED_FUNCTION = YES;
				GCC_WARN_UNUSED_VARIABLE = YES;
				IPHONEOS_DEPLOYMENT_TARGET = 14.4;
				MTL_ENABLE_DEBUG_INFO = NO;
				MTL_FAST_MATH = YES;
				SDKROOT = iphoneos;
				SWIFT_COMPILATION_MODE = wholemodule;
				SWIFT_OPTIMIZATION_LEVEL = "-O";
				VALIDATE_PRODUCT = YES;
			};
			name = Release;
		};
		7AA5AD3525D8027B00D9F949 /* Debug */ = {
			isa = XCBuildConfiguration;
			buildSettings = {
				ASSETCATALOG_COMPILER_APPICON_NAME = AppIcon;
				ASSETCATALOG_COMPILER_GLOBAL_ACCENT_COLOR_NAME = AccentColor;
				CODE_SIGN_STYLE = Automatic;
				DEVELOPMENT_TEAM = LA6FA5G5XC;
				INFOPLIST_FILE = GBShop/Environments/Info.plist;
				LD_RUNPATH_SEARCH_PATHS = (
					"$(inherited)",
					"@executable_path/Frameworks",
				);
				PRODUCT_BUNDLE_IDENTIFIER = com.aksilont.GBShop;
				PRODUCT_NAME = "$(TARGET_NAME)";
				SWIFT_VERSION = 5.0;
				TARGETED_DEVICE_FAMILY = "1,2";
			};
			name = Debug;
		};
		7AA5AD3625D8027B00D9F949 /* Release */ = {
			isa = XCBuildConfiguration;
			buildSettings = {
				ASSETCATALOG_COMPILER_APPICON_NAME = AppIcon;
				ASSETCATALOG_COMPILER_GLOBAL_ACCENT_COLOR_NAME = AccentColor;
				CODE_SIGN_STYLE = Automatic;
				DEVELOPMENT_TEAM = LA6FA5G5XC;
				INFOPLIST_FILE = GBShop/Environments/Info.plist;
				LD_RUNPATH_SEARCH_PATHS = (
					"$(inherited)",
					"@executable_path/Frameworks",
				);
				PRODUCT_BUNDLE_IDENTIFIER = com.aksilont.GBShop;
				PRODUCT_NAME = "$(TARGET_NAME)";
				SWIFT_VERSION = 5.0;
				TARGETED_DEVICE_FAMILY = "1,2";
			};
			name = Release;
		};
		7AA5AD3825D8027B00D9F949 /* Debug */ = {
			isa = XCBuildConfiguration;
			buildSettings = {
				ALWAYS_EMBED_SWIFT_STANDARD_LIBRARIES = YES;
				BUNDLE_LOADER = "$(TEST_HOST)";
				CODE_SIGN_STYLE = Automatic;
				DEVELOPMENT_TEAM = LA6FA5G5XC;
				INFOPLIST_FILE = GBShopTests/Info.plist;
				IPHONEOS_DEPLOYMENT_TARGET = 14.4;
				LD_RUNPATH_SEARCH_PATHS = (
					"$(inherited)",
					"@executable_path/Frameworks",
					"@loader_path/Frameworks",
				);
				PRODUCT_BUNDLE_IDENTIFIER = com.aksilont.GBShopTests;
				PRODUCT_NAME = "$(TARGET_NAME)";
				SWIFT_VERSION = 5.0;
				TARGETED_DEVICE_FAMILY = "1,2";
				TEST_HOST = "$(BUILT_PRODUCTS_DIR)/GBShop.app/GBShop";
			};
			name = Debug;
		};
		7AA5AD3925D8027B00D9F949 /* Release */ = {
			isa = XCBuildConfiguration;
			buildSettings = {
				ALWAYS_EMBED_SWIFT_STANDARD_LIBRARIES = YES;
				BUNDLE_LOADER = "$(TEST_HOST)";
				CODE_SIGN_STYLE = Automatic;
				DEVELOPMENT_TEAM = LA6FA5G5XC;
				INFOPLIST_FILE = GBShopTests/Info.plist;
				IPHONEOS_DEPLOYMENT_TARGET = 14.4;
				LD_RUNPATH_SEARCH_PATHS = (
					"$(inherited)",
					"@executable_path/Frameworks",
					"@loader_path/Frameworks",
				);
				PRODUCT_BUNDLE_IDENTIFIER = com.aksilont.GBShopTests;
				PRODUCT_NAME = "$(TARGET_NAME)";
				SWIFT_VERSION = 5.0;
				TARGETED_DEVICE_FAMILY = "1,2";
				TEST_HOST = "$(BUILT_PRODUCTS_DIR)/GBShop.app/GBShop";
			};
			name = Release;
		};
		7AA5AD3B25D8027B00D9F949 /* Debug */ = {
			isa = XCBuildConfiguration;
			buildSettings = {
				ALWAYS_EMBED_SWIFT_STANDARD_LIBRARIES = YES;
				CODE_SIGN_STYLE = Automatic;
				DEVELOPMENT_TEAM = LA6FA5G5XC;
				INFOPLIST_FILE = GBShopUITests/Info.plist;
				LD_RUNPATH_SEARCH_PATHS = (
					"$(inherited)",
					"@executable_path/Frameworks",
					"@loader_path/Frameworks",
				);
				PRODUCT_BUNDLE_IDENTIFIER = com.aksilont.GBShopUITests;
				PRODUCT_NAME = "$(TARGET_NAME)";
				SWIFT_VERSION = 5.0;
				TARGETED_DEVICE_FAMILY = "1,2";
				TEST_TARGET_NAME = GBShop;
			};
			name = Debug;
		};
		7AA5AD3C25D8027B00D9F949 /* Release */ = {
			isa = XCBuildConfiguration;
			buildSettings = {
				ALWAYS_EMBED_SWIFT_STANDARD_LIBRARIES = YES;
				CODE_SIGN_STYLE = Automatic;
				DEVELOPMENT_TEAM = LA6FA5G5XC;
				INFOPLIST_FILE = GBShopUITests/Info.plist;
				LD_RUNPATH_SEARCH_PATHS = (
					"$(inherited)",
					"@executable_path/Frameworks",
					"@loader_path/Frameworks",
				);
				PRODUCT_BUNDLE_IDENTIFIER = com.aksilont.GBShopUITests;
				PRODUCT_NAME = "$(TARGET_NAME)";
				SWIFT_VERSION = 5.0;
				TARGETED_DEVICE_FAMILY = "1,2";
				TEST_TARGET_NAME = GBShop;
			};
			name = Release;
		};
/* End XCBuildConfiguration section */

/* Begin XCConfigurationList section */
		7AA5AD0525D8027A00D9F949 /* Build configuration list for PBXProject "GBShop" */ = {
			isa = XCConfigurationList;
			buildConfigurations = (
				7AA5AD3225D8027B00D9F949 /* Debug */,
				7AA5AD3325D8027B00D9F949 /* Release */,
			);
			defaultConfigurationIsVisible = 0;
			defaultConfigurationName = Release;
		};
		7AA5AD3425D8027B00D9F949 /* Build configuration list for PBXNativeTarget "GBShop" */ = {
			isa = XCConfigurationList;
			buildConfigurations = (
				7AA5AD3525D8027B00D9F949 /* Debug */,
				7AA5AD3625D8027B00D9F949 /* Release */,
			);
			defaultConfigurationIsVisible = 0;
			defaultConfigurationName = Release;
		};
		7AA5AD3725D8027B00D9F949 /* Build configuration list for PBXNativeTarget "GBShopTests" */ = {
			isa = XCConfigurationList;
			buildConfigurations = (
				7AA5AD3825D8027B00D9F949 /* Debug */,
				7AA5AD3925D8027B00D9F949 /* Release */,
			);
			defaultConfigurationIsVisible = 0;
			defaultConfigurationName = Release;
		};
		7AA5AD3A25D8027B00D9F949 /* Build configuration list for PBXNativeTarget "GBShopUITests" */ = {
			isa = XCConfigurationList;
			buildConfigurations = (
				7AA5AD3B25D8027B00D9F949 /* Debug */,
				7AA5AD3C25D8027B00D9F949 /* Release */,
			);
			defaultConfigurationIsVisible = 0;
			defaultConfigurationName = Release;
		};
/* End XCConfigurationList section */

/* Begin XCRemoteSwiftPackageReference section */
		7AA5AD6925D9BE2100D9F949 /* XCRemoteSwiftPackageReference "Alamofire" */ = {
			isa = XCRemoteSwiftPackageReference;
			repositoryURL = "https://github.com/Alamofire/Alamofire";
			requirement = {
				kind = upToNextMajorVersion;
				minimumVersion = 5.4.1;
			};
		};
/* End XCRemoteSwiftPackageReference section */

/* Begin XCSwiftPackageProductDependency section */
		7AA5AD6A25D9BE2100D9F949 /* Alamofire */ = {
			isa = XCSwiftPackageProductDependency;
			package = 7AA5AD6925D9BE2100D9F949 /* XCRemoteSwiftPackageReference "Alamofire" */;
			productName = Alamofire;
		};
/* End XCSwiftPackageProductDependency section */
	};
	rootObject = 7AA5AD0225D8027A00D9F949 /* Project object */;
}
